{
    "_meta": {
        "hash": {
            "sha256": "c516dfca2d799327c934a15bc0e4616fd5ad3ebec0ff66f96b317e08b20badde"
        },
        "pipfile-spec": 6,
        "requires": {
            "python_version": "3.7"
        },
        "sources": [
            {
                "name": "pypi",
                "url": "https://pypi.org/simple",
                "verify_ssl": true
            }
        ]
    },
    "default": {
        "braviaproapi": {
            "hashes": [
                "sha256:12ee5a80eb5dfed75e3a406c4ead11aa42863bbe69445a4fa4fa77eaed005759"
            ],
            "index": "pypi",
            "version": "==0.1.8"
        },
        "certifi": {
            "hashes": [
                "sha256:35824b4c3a97115964b408844d64aa14db1cc518f6562e8d7261699d1350a9e3",
                "sha256:4ad3232f5e926d6718ec31cfc1fcadfde020920e278684144551c91769c7bc18"
            ],
            "markers": "python_version >= '3.6'",
            "version": "==2022.12.7"
        },
        "charset-normalizer": {
            "hashes": [
                "sha256:5a3d016c7c547f69d6f81fb0db9449ce888b418b5b9952cc5e6e66843e9dd845",
                "sha256:83e9a75d1911279afd89352c68b45348559d1fc0506b054b346651b5e7fee29f"
            ],
            "markers": "python_version >= '3.6'",
            "version": "==2.1.1"
        },
        "click": {
            "hashes": [
                "sha256:d2b5255c7c6349bc1bd1e59e08cd12acbbd63ce649f2588755783aa94dfb6b1a",
                "sha256:dacca89f4bfadd5de3d7489b7c8a566eee0d3676333fbb50030263894c38c0dc"
            ],
            "markers": "python_version >= '2.7' and python_version not in '3.0, 3.1, 3.2, 3.3, 3.4'",
            "version": "==7.1.2"
        },
        "flask": {
            "hashes": [
                "sha256:0fbeb6180d383a9186d0d6ed954e0042ad9f18e0e8de088b2b419d526927d196",
                "sha256:c34f04500f2cbbea882b1acb02002ad6fe6b7ffa64a6164577995657f50aed22"
            ],
            "index": "pypi",
            "version": "==1.1.4"
        },
        "fuzzywuzzy": {
            "hashes": [
                "sha256:45016e92264780e58972dca1b3d939ac864b78437422beecebb3095f8efd00e8",
                "sha256:928244b28db720d1e0ee7587acf660ea49d7e4c632569cad4f1cd7e68a5f0993"
            ],
            "index": "pypi",
            "version": "==0.18.0"
        },
        "gunicorn": {
            "hashes": [
                "sha256:9dcc4547dbb1cb284accfb15ab5667a0e5d1881cc443e0677b4882a4067a807e",
                "sha256:e0a968b5ba15f8a328fdfd7ab1fcb5af4470c28aaf7e55df02a99bc13138e6e8"
            ],
            "index": "pypi",
            "version": "==20.1.0"
        },
        "idna": {
            "hashes": [
                "sha256:814f528e8dead7d329833b91c5faa87d60bf71824cd12a7530b5526063d02cb4",
                "sha256:90b77e79eaa3eba6de819a0c442c0b4ceefc341a7a2ab77d7562bf49f425c5c2"
            ],
            "markers": "python_version >= '3.5'",
            "version": "==3.4"
        },
        "itsdangerous": {
            "hashes": [
                "sha256:321b033d07f2a4136d3ec762eac9f16a10ccd60f53c0c91af90217ace7ba1f19",
                "sha256:b12271b2047cb23eeb98c8b5622e2e5c5e9abd9784a153e9d8ef9cb4dd09d749"
            ],
            "markers": "python_version >= '2.7' and python_version not in '3.0, 3.1, 3.2, 3.3'",
            "version": "==1.1.0"
        },
        "jinja2": {
            "hashes": [
                "sha256:03e47ad063331dd6a3f04a43eddca8a966a26ba0c5b7207a9a9e4e08f1b29419",
                "sha256:a6d58433de0ae800347cab1fa3043cebbabe8baa9d29e668f1c768cb87a333c6"
            ],
            "markers": "python_version >= '2.7' and python_version not in '3.0, 3.1, 3.2, 3.3, 3.4'",
            "version": "==2.11.3"
        },
        "levenshtein": {
            "hashes": [
                "sha256:0385d69ccca8bc1a091e1071357b8610af758af8968ed32bedcedf96c51a6bb9",
                "sha256:07836b04b628f9db65f24c34bb63fb453723aadf00b45e093384108ec05ba545",
                "sha256:079a216a55a3735f59661e0b25ff3a2122e18a710682d88e0d7576bff594f547",
                "sha256:085e7a8f5d8a2d71790f2c16363dbd15bdc6b2d66bb12adfeef453d9436fc641",
                "sha256:0e8c505bfb2b64d4d14a6e9f9d115877d150a398a09a97b7827df4711f1e5b4b",
                "sha256:130404e7a917c3ba80879cd8fcdd6f6e84e2cdc3018cd225d95fea906be8d8fa",
                "sha256:1481916946b50c7c80d4d318e290392614a07f9fcc612aadf3c6ce2c685ccbe9",
                "sha256:153ff8e7491f80b72250cabce926922d3d4a623d0846602a3f4fef974c3e7f4d",
                "sha256:204e8454d9f0be127ae21f0ff05506ed6785937c78d4ed8597504283675fdd79",
                "sha256:24ffa06dd1a348b45584a192a86ff5ae8233d1c1cea4bd49fa9243485b8cf838",
                "sha256:2c38b1005e6b7fe62dfc50c56bd0b7fc85688a7197f6a116459a3107461472e2",
                "sha256:2c8995f69db76b6c9fc113dc65b9b17a1f04f718f2c18203f6c0ac84a07462c7",
                "sha256:2e3eb8e529cad2419d3f4bbb9f5fa0ea845c142b5e17a59c3f4ffe82b1ebfa29",
                "sha256:2ed457334940a0dff6617e86f7df6b3ff64aa9f5a0571c7bd889228f6a9863f6",
                "sha256:2f586f3b192805ee19fb56bed803d05966ef0edc544822e934bb106f688d427b",
                "sha256:3512354f28a13e680c5d7e83e9edc23afa5b807895db7933efb0be3fee3d50e1",
                "sha256:36a479f799613479871da1ed221b7099cb77caf5b060fa9eb916d5b90c0ae206",
                "sha256:3a57710c9c35cf41df77f4eb24ae5e9568a2d9fba3010ace657a8ec7d044c871",
                "sha256:3bf05b99f268330a833f4749b35bf84a31985ae2a52d228207efa3e2863ba832",
                "sha256:3f8d2d36c1d8ad9a699b1b41948c08161d4c645921ddb643b1d478b8457c859a",
                "sha256:404d30d0d4b36ea504b30c508107327fa06b2cdae88291d1864b236744858ac5",
                "sha256:43505eb89a80ea529c019391809c6fbf552eb5b4a5e34780c842b0f324d2b769",
                "sha256:438d95ca36c8d277fb0cb078eab227173e1a59c6742cdb6dd97f106106e38ffd",
                "sha256:4619c165f1fe1048fc22065290b779ac3903d0d75b0fb2c600abc3913993036c",
                "sha256:477265c6ba07bb01f96e64fe427ec51f63872dcb345f6340f5e5c7403e367282",
                "sha256:49bbdd707f435ad0c0e8c2727dd07233ff1db52ac607f9a67f18bf1eb275de66",
                "sha256:4d61ed0b452fb6456be49ab1b9b2f1d6366db611a8c71a2fecab37118010e6c5",
                "sha256:5201b798e0905adab04c8b9d6ff5dd6cae13456b3e390fcd099991ce4fd32967",
                "sha256:55baa3498b31ceb62b54e5278e6f5830b4748b4709fa291e91b7d022f9bef63a",
                "sha256:59a9067d5a9b63ec5ce7e23624dfe2c26438deecb3e46103fa68c72baef544ec",
                "sha256:59da44a59861f60b049178a56c9d723d7181c5e2e6adf04bf54120c2d1d589a1",
                "sha256:5bc69cbb75c502492666fd45b345e3f31a8a709b4019146cfc19f331fe1f6b38",
                "sha256:5d8cb2b06d8e7683c321e20740385545447cb2faf2286e2817ca03745354bf0c",
                "sha256:6456643a8c5de3ced585d9fd4fba8ae78a3b7860bed7a670f76e7a7865b34c78",
                "sha256:65dc11345ac7d4c13f2392ec3610c392498500a7ba6455408abdd129becea41f",
                "sha256:675a91e9020a24c53301de11cd4b9b9b07827f93e2ddb56187c7ba2eede58dbc",
                "sha256:6b3745a6c1dee2178feab4e37ee46669ea2a7b8122eb63803e96547fff9bf1fc",
                "sha256:6b7d71485f4bf92d5cddfdb91a82a0308a7a6b6a216887de44ecdab0c0495ca1",
                "sha256:6c587c15278877e6974f2899c2bc15e561f762a71c2b8d8771de88c650738d87",
                "sha256:6cf9c8a45ce9fd60ff0fcdd5cfa44c83f2d2a0188c9e85d7eef36579919cb574",
                "sha256:71f0c835dc7a8fd7a8b94374bb60ad238fbf7a4264f40868ec4d884130b8d96f",
                "sha256:72ac6ae6581a586ef7f325413d4f87c39dc5e50734c5731586c73c7f837af8fc",
                "sha256:73f9db6a178a926c15dd1a8c9ccd810407c3eaddbfc2145f68242b55e238fd85",
                "sha256:744d374f8227624028642d078ae4692f73e9e53b0ff87d25232e75abe842b00c",
                "sha256:7677c9abbeff907bbd7869e33e47874e6ecf6e4341298e968c9e3dbf4c344765",
                "sha256:76ee654d6a741e43039094c9c68396f952d48c4b74d4da1450c87b77db5a7f83",
                "sha256:7a9622d9bba7173df575cbfc4bc0a0d929d1733e1eeac85829e4f1ad21a24de5",
                "sha256:7b42a6470ee44e80332acc95ed55890d12b5f27676a942e0c268b0092569f06c",
                "sha256:7d8cb8a401633ff6210c2fe4cd5a1410b26cef47f42e0e1ab3563c5f94975c4c",
                "sha256:7dc85e9d8a74af873621d2b26e04aa1f41e02588a98dc859bc448e5c04aebb2a",
                "sha256:7fae73b02e929da1b52d988e54f029347fe9e5b024282c9492cfc4d8a951cd93",
                "sha256:828ceb9a947be03dded59d7d44fa8629ab7fc32185e460ada6355d23412ced7c",
                "sha256:8746be2afafdab5ffc05094b0a954cea4f95bcc3e2bd48dce04b5e51063aeefb",
                "sha256:8b6e23ec767c8985a381869d3cb3935f8e67e57b80cbbdb5986329bb75f348b5",
                "sha256:8dc2232dd6918aa3f6be80c9c620ce0a0e361b1b979a49d1e3fa831af224e721",
                "sha256:9039bbcdb306b74542e36aa72fd3afa16db67516bbab65cbfd7ad10480b13c64",
                "sha256:918a97459df93a8984355f91886f29dc97ddef85dfff185b38b1b748512411a1",
                "sha256:939b819874903a689863f3a552a90e1742ac342cda80f5d3e8adb42e1729d37e",
                "sha256:940c193991eb12922f76c422946f6c3d30ad144233c0b49dfa48e132a445cbcb",
                "sha256:94c773c9fb3a90cb7e191087beb06fb49b8d0452fb0f1abf27e9c644b19a0557",
                "sha256:96070d1a1c0d908d65cd9765a7b63ecafa8ef52d7a6460dccdf4d1bd29ad98fd",
                "sha256:97a5424784b4c0989b2ec227ae000e80b293d7cc1bd3b02866d7943a3cf6b65c",
                "sha256:98e741e54b7e66a63d92af04193b9d819b8f29292ccfcfd2cc6eee67ab2469f1",
                "sha256:9d1c2766a63f1231119d6744502913e432c33aa0ceb6fabc536a4fbffcc90a46",
                "sha256:9e8c5d97068fb4a78f5bfe0f5d8fa365867f2431f399f5df9dd2b741558c3684",
                "sha256:9ea2f847e209a463387b8e8d6743b1cd929e60fdce85d8ab19022ba6678546c5",
                "sha256:a66a3ef2e58ac7eb8f96ae8ba8b9aec34d1446865faaeab86d3559b9a0d422aa",
                "sha256:a8aac56e669a733e03c81b2e015dcd8d287db716bf2c6c9a480c4227300a7c52",
                "sha256:a8cc52849264d3aa6e16c9daca95a02d59e9496c86f18def7131413cfba617cc",
                "sha256:b134a8f6fa42355baf6687c7c6890f82672de95ea44fdb59f99696087ec19439",
                "sha256:b42f81d9fd1c89fe57f17288032b93020eff9ece58a2b8fbea77fc60bc321c11",
                "sha256:b6463f3bc2a426703b2b259c1d6aaa73bd0c3fc85492c0f4d5dfd60658271ee9",
                "sha256:b714581e760c79ff990d8196bd0978d9246427a93eefb1f9f1087b88e17c594d",
                "sha256:ba530885bc063ad90e8dff6d7e4cb55e523213ca1815a41ccc67a2efb405ad3b",
                "sha256:c09cb048098396a3ece6afe032cfdca0bb0fa49d5fb6b146d762e2d45274abba",
                "sha256:c4c1e802c746679c765c780fb0dce82af1cc000bc0bea9c37bd4d6d295ddd339",
                "sha256:c7b39b572cd3d2c2b8c5753246a52eda3cf3360f49de95e3f671062acc6caaf4",
                "sha256:cab33decf636cebb20bf90563e89eb500ccfb758b0af19630ce149606f0b130f",
                "sha256:caf6ad0c8c0780d78c3f5eb270fb8aa5820cf423057d252a1de6a79b1f07e76b",
                "sha256:d0f56896b12f4276a77e774be560d00bd6b173af1a5554554ed86a288ff111a4",
                "sha256:d140a0a450813ef8658f2a87d5c7d9ea2fff3f8b8d80e7ac80061b21c6a733f0",
                "sha256:d17615b69f01a7db2bd4269e14fdad71bc7c3f08ca7a366914f85b08341953a0",
                "sha256:d3e14702351d7c844aaef5fe1ffc53f590e4e6a17b12836517f9771379b0da49",
                "sha256:d5cba3eab536188f16115ab6ea5de1e19440c35bb01c817388e3696b811bca21",
                "sha256:d6b247b22703d1989cb97a0b26485db7a3397322d3975c974c22e10a1592a414",
                "sha256:d9ad1515424b708608596a1bf314781d240f5b4fd934528d2bf0c9d7d0620e78",
                "sha256:dae722ee22c610243d6fade46ce04ab16a36862b3edc732a60ccc57a4e9c6af8",
                "sha256:db71d6ea4f2412b06bec7ed697dd2efe4f42ff953db58354364902d8f29587a4",
                "sha256:dd2c3a10c7d5d1ddb181121d7a038918408efb92206519428bcee6fe6a9fec30",
                "sha256:df4ba85d1c2361b2591d8b8c01740ed9803a7c32d706f1015446f5f382c4b8ec",
                "sha256:e0963497f51ff5aa73447173178daefff4a80e4165c2575d1357503c030f0a6b",
                "sha256:e21df20e8d8df9be6b33ed013852ba6a317d139d11647f8b241c894c8b76d523",
                "sha256:e48dd2f143f2236717a7604fed2dc2e078b96a0c3881e490f258a5f4bde11324",
                "sha256:e614c3d02693f2355c42638753c4de7f5682265691a8bd7fd7d7e1fb6372f7e2",
                "sha256:e8ecf0a10823ca4c90c42adb79478a845ea4979a751f32bc7cdb3b32e39e9c7f",
                "sha256:ede6b8eaeb73aff5714459cbf5c18345fc40ca90b1885bd7e5cf0c27d99f118a",
                "sha256:ef65c16113028688353b10d159b6f12a6a471890ea6aa466a0626cd11c9239a5",
                "sha256:f71e89af67e7eb8eed11178711cc23e151e29fe488017cfc56a0a644c5e5d19d",
                "sha256:f7e4be20d10ffd24723363d4796ea78371c73d961725d7663381bbfa07ad086a",
                "sha256:f87c9ed45e05fb9ad800560e3c063b1945cda981b6f92b1abfefb603b8f9113a",
                "sha256:feaf0ae11827a917cdb314f189c711e0fb2b677f4e69e2c61276a65f2209ac4e",
                "sha256:ff3e7e6a58892ee30f90507a4da1d316e0c3e8e3f1f70b694eeedc397a3d0802"
            ],
            "markers": "python_version >= '3.6'",
            "version": "==0.20.8"
        },
        "markupsafe": {
            "hashes": [
                "sha256:0212a68688482dc52b2d45013df70d169f542b7394fc744c02a57374a4207003",
                "sha256:089cf3dbf0cd6c100f02945abeb18484bd1ee57a079aefd52cffd17fba910b88",
                "sha256:10c1bfff05d95783da83491be968e8fe789263689c02724e0c691933c52994f5",
                "sha256:33b74d289bd2f5e527beadcaa3f401e0df0a89927c1559c8566c066fa4248ab7",
                "sha256:3799351e2336dc91ea70b034983ee71cf2f9533cdff7c14c90ea126bfd95d65a",
                "sha256:3ce11ee3f23f79dbd06fb3d63e2f6af7b12db1d46932fe7bd8afa259a5996603",
                "sha256:421be9fbf0ffe9ffd7a378aafebbf6f4602d564d34be190fc19a193232fd12b1",
                "sha256:43093fb83d8343aac0b1baa75516da6092f58f41200907ef92448ecab8825135",
                "sha256:46d00d6cfecdde84d40e572d63735ef81423ad31184100411e6e3388d405e247",
                "sha256:4a33dea2b688b3190ee12bd7cfa29d39c9ed176bda40bfa11099a3ce5d3a7ac6",
                "sha256:4b9fe39a2ccc108a4accc2676e77da025ce383c108593d65cc909add5c3bd601",
                "sha256:56442863ed2b06d19c37f94d999035e15ee982988920e12a5b4ba29b62ad1f77",
                "sha256:671cd1187ed5e62818414afe79ed29da836dde67166a9fac6d435873c44fdd02",
                "sha256:694deca8d702d5db21ec83983ce0bb4b26a578e71fbdbd4fdcd387daa90e4d5e",
                "sha256:6a074d34ee7a5ce3effbc526b7083ec9731bb3cbf921bbe1d3005d4d2bdb3a63",
                "sha256:6d0072fea50feec76a4c418096652f2c3238eaa014b2f94aeb1d56a66b41403f",
                "sha256:6fbf47b5d3728c6aea2abb0589b5d30459e369baa772e0f37a0320185e87c980",
                "sha256:7f91197cc9e48f989d12e4e6fbc46495c446636dfc81b9ccf50bb0ec74b91d4b",
                "sha256:86b1f75c4e7c2ac2ccdaec2b9022845dbb81880ca318bb7a0a01fbf7813e3812",
                "sha256:8dc1c72a69aa7e082593c4a203dcf94ddb74bb5c8a731e4e1eb68d031e8498ff",
                "sha256:8e3dcf21f367459434c18e71b2a9532d96547aef8a871872a5bd69a715c15f96",
                "sha256:8e576a51ad59e4bfaac456023a78f6b5e6e7651dcd383bcc3e18d06f9b55d6d1",
                "sha256:96e37a3dc86e80bf81758c152fe66dbf60ed5eca3d26305edf01892257049925",
                "sha256:97a68e6ada378df82bc9f16b800ab77cbf4b2fada0081794318520138c088e4a",
                "sha256:99a2a507ed3ac881b975a2976d59f38c19386d128e7a9a18b7df6fff1fd4c1d6",
                "sha256:a49907dd8420c5685cfa064a1335b6754b74541bbb3706c259c02ed65b644b3e",
                "sha256:b09bf97215625a311f669476f44b8b318b075847b49316d3e28c08e41a7a573f",
                "sha256:b7bd98b796e2b6553da7225aeb61f447f80a1ca64f41d83612e6139ca5213aa4",
                "sha256:b87db4360013327109564f0e591bd2a3b318547bcef31b468a92ee504d07ae4f",
                "sha256:bcb3ed405ed3222f9904899563d6fc492ff75cce56cba05e32eff40e6acbeaa3",
                "sha256:d4306c36ca495956b6d568d276ac11fdd9c30a36f1b6eb928070dc5360b22e1c",
                "sha256:d5ee4f386140395a2c818d149221149c54849dfcfcb9f1debfe07a8b8bd63f9a",
                "sha256:dda30ba7e87fbbb7eab1ec9f58678558fd9a6b8b853530e176eabd064da81417",
                "sha256:e04e26803c9c3851c931eac40c695602c6295b8d432cbe78609649ad9bd2da8a",
                "sha256:e1c0b87e09fa55a220f058d1d49d3fb8df88fbfab58558f1198e08c1e1de842a",
                "sha256:e72591e9ecd94d7feb70c1cbd7be7b3ebea3f548870aa91e2732960fa4d57a37",
                "sha256:e8c843bbcda3a2f1e3c2ab25913c80a3c5376cd00c6e8c4a86a89a28c8dc5452",
                "sha256:efc1913fd2ca4f334418481c7e595c00aad186563bbc1ec76067848c7ca0a933",
                "sha256:f121a1420d4e173a5d96e47e9a0c0dcff965afdf1626d28de1460815f7c4ee7a",
                "sha256:fc7b548b17d238737688817ab67deebb30e8073c95749d55538ed473130ec0c7"
            ],
            "markers": "python_version >= '3.7'",
            "version": "==2.1.1"
        },
        "packaging": {
            "hashes": [
                "sha256:2198ec20bd4c017b8f9717e00f0c8714076fc2fd93816750ab48e2c41de2cfd3",
                "sha256:957e2148ba0e1a3b282772e791ef1d8083648bc131c8ab0c1feba110ce1146c3"
            ],
            "markers": "python_version >= '3.7'",
            "version": "==22.0"
        },
        "pycryptodome": {
            "hashes": [
                "sha256:0198fe96c22f7bc31e7a7c27a26b2cec5af3cf6075d577295f4850856c77af32",
                "sha256:0e45d2d852a66ecfb904f090c3f87dc0dfb89a499570abad8590f10d9cffb350",
                "sha256:1047ac2b9847ae84ea454e6e20db7dcb755a81c1b1631a879213d2b0ad835ff2",
                "sha256:13b3e610a2f8938c61a90b20625069ab7a77ccea20d65a9a0f926cc0cc1314b1",
                "sha256:1fc16c80a5da8231fd1f953a7b8dfeb415f68120248e8d68383c5c2c4b18708c",
                "sha256:265bfcbbf20d58e6871ce695a7a08aac9b41a0553060d9c05363abd6f3391bdd",
                "sha256:2bf2a270906a02b7b255e1a0d7b3aea4f06b3983c51ddec1673c380e0dff5b30",
                "sha256:47c71a0347847b747ba1349767b16cde049bc36f21654eb09cc82306ef5fdcf8",
                "sha256:48d99869d58f3979d72f6fa0c50f48d16f14973bc4a3adb0ce3b8325fdd7e223",
                "sha256:4d950ed2a887905b3fa709b86be5a163e26e1b174703ed59d34eb6832f213222",
                "sha256:54d807314c66785c69cd25425933d4bd4c23547a593cdcf49d962fa3e0081336",
                "sha256:58172080cbfaee724067a3c017add6a1a3cc167bbc8478dc5f2e5f45fa658763",
                "sha256:5df582f2112dd72331de7e567837e136a9629181a8ab69ef8949e4bc294a0b99",
                "sha256:6016269bb56caf0327f6d42e7bad1247e08b78407446dff562240c65f85d5a5e",
                "sha256:63165fbdc247450017eb9ef04cfe15cb3a72ca48ffcc3a3b75b08c0340bf3647",
                "sha256:69adf32522b75968e1cbf25b5d83e87c04cd9a55610ce1e4a19012e58e7e4023",
                "sha256:856ebf822d08d754af62c22e2b93626509a72773214f92db1551e2b68d9e2a1b",
                "sha256:95069fd9e2813668a2713a1efcc65cc26d2c7e741401ac46628f1ec957511f1b",
                "sha256:b12a88566a98617b1a34b4e5a805dff2da98d83fc74262aff3c3d724d0f525d6",
                "sha256:c69e19afc734b2a17b9d78b7bcb544aabd5a52ff628e14283b6e9404d27d0517",
                "sha256:c82e3bc1e70dde153b0956bffe20a15715a1fe3e00bc23e88d6973eda4505944",
                "sha256:d1daec4d31bb00918e4e178297ac6ca6f86ec4c851ba584770533ece554d29e2",
                "sha256:d67a2d2fe344953e4572a7d30668cceb516b04287b8638170d562065e53ee2e0",
                "sha256:dab9359cc295160ba96738ba4912c675181c84bfdf413e5c0621cf00b7deeeaa",
                "sha256:e061311b02cefb17ea93d4a5eb1ad36dca4792037078b43e15a653a0a4478ead",
                "sha256:e750a21d8a265b1f9bfb1a28822995ea33511ba7db5e2b55f41fb30781d0d073"
            ],
            "markers": "python_version >= '2.7' and python_version not in '3.0, 3.1, 3.2, 3.3, 3.4'",
            "version": "==3.16.0"
        },
        "python-dateutil": {
            "hashes": [
                "sha256:0123cacc1627ae19ddf3c27a5de5bd67ee4586fbdd6440d9748f8abb483d3e86",
                "sha256:961d03dc3453ebbc59dbdea9e4e11c5651520a876d0f4db161e8674aae935da9"
            ],
            "markers": "python_version >= '2.7' and python_version not in '3.0, 3.1, 3.2, 3.3'",
            "version": "==2.8.2"
        },
        "python-levenshtein": {
            "hashes": [
                "sha256:a932f149c72d2707963947ba9df9729ac36983d2e9db4eb93e4d5b69a8899070",
                "sha256:c2d68fc480394ef87e20097d9c1605ae101340f0a8060c518eacd2e634b190f8"
            ],
            "index": "pypi",
            "version": "==0.20.8"
        },
        "rapidfuzz": {
            "hashes": [
                "sha256:020858dd89b60ce38811cd6e37875c4c3c8d7fcd8bc20a0ad2ed1f464b34dc4e",
                "sha256:042644133244bfa7b20de635d500eb9f46af7097f3d90b1724f94866f17cb55e",
                "sha256:08590905a95ccfa43f4df353dcc5d28c15d70664299c64abcad8721d89adce4f",
                "sha256:114810491efb25464016fd554fdf1e20d390309cecef62587494fc474d4b926f",
                "sha256:1333fb3d603d6b1040e365dca4892ba72c7e896df77a54eae27dc07db90906e3",
                "sha256:16080c05a63d6042643ae9b6cfec1aefd3e61cef53d0abe0df3069b9d4b72077",
                "sha256:16ffad751f43ab61001187b3fb4a9447ec2d1aedeff7c5bac86d3b95f9980cc3",
                "sha256:1f50d1227e6e2a0e3ae1fb1c9a2e1c59577d3051af72c7cab2bcc430cb5e18da",
                "sha256:1fbad8fb28d98980f5bff33c7842efef0315d42f0cd59082108482a7e6b61410",
                "sha256:23524635840500ce6f4d25005c9529a97621689c85d2f727c52eed1782839a6a",
                "sha256:24d3fea10680d085fd0a4d76e581bfb2b1074e66e78fd5964d4559e1fcd2a2d4",
                "sha256:24eb6b843492bdc63c79ee4b2f104059b7a2201fef17f25177f585d3be03405a",
                "sha256:25b4cedf2aa19fb7212894ce5f5219010cce611b60350e9a0a4d492122e7b351",
                "sha256:27be9c63215d302ede7d654142a2e21f0d34ea6acba512a4ae4cfd52bbaa5b59",
                "sha256:2c836f0f2d33d4614c3fbaf9a1eb5407c0fe23f8876f47fd15b90f78daa64c34",
                "sha256:3a9bd02e1679c0fd2ecf69b72d0652dbe2a9844eaf04a36ddf4adfbd70010e95",
                "sha256:3d8b081988d0a49c486e4e845a547565fee7c6e7ad8be57ff29c3d7c14c6894c",
                "sha256:3dcffe1f3cbda0dc32133a2ae2255526561ca594f15f9644384549037b355245",
                "sha256:3f11a7eff7bc6301cd6a5d43f309e22a815af07e1f08eeb2182892fca04c86cb",
                "sha256:42085d4b154a8232767de8296ac39c8af5bccee6b823b0507de35f51c9cbc2d7",
                "sha256:424f82c35dbe4f83bdc3b490d7d696a1dc6423b3d911460f5493b7ffae999fd2",
                "sha256:43fb8cb030f888c3f076d40d428ed5eb4331f5dd6cf1796cfa39c67bf0f0fc1e",
                "sha256:460853983ab88f873173e27cc601c5276d469388e6ad6e08c4fd57b2a86f1064",
                "sha256:467c1505362823a5af12b10234cb1c4771ccf124c00e3fc9a43696512bd52293",
                "sha256:46b9b8aa09998bc48dd800854e8d9b74bc534d7922c1d6e1bbf783e7fa6ac29c",
                "sha256:53dcae85956853b787c27c1cb06f18bb450e22cf57a4ad3444cf03b8ff31724a",
                "sha256:585206112c294e335d84de5d5f179c0f932837752d7420e3de21db7fdc476278",
                "sha256:5ada0a14c67452358c1ee52ad14b80517a87b944897aaec3e875279371a9cb96",
                "sha256:5e2b3d020219baa75f82a4e24b7c8adcb598c62f0e54e763c39361a9e5bad510",
                "sha256:6120f2995f5154057454c5de99d86b4ef3b38397899b5da1265467e8980b2f60",
                "sha256:68a89bb06d5a331511961f4d3fa7606f8e21237467ba9997cae6f67a1c2c2b9e",
                "sha256:7496e8779905b02abc0ab4ba2a848e802ab99a6e20756ffc967a0de4900bd3da",
                "sha256:759a3361711586a29bc753d3d1bdb862983bd9b9f37fbd7f6216c24f7c972554",
                "sha256:75c45dcd595f8178412367e302fd022860ea025dc4a78b197b35428081ed33d5",
                "sha256:7d005e058d86f2a968a8d28ca6f2052fab1f124a39035aa0523261d6baf21e1f",
                "sha256:7f7930adf84301797c3f09c94b9c5a9ed90a9e8b8ed19b41d2384937e0f9f5bd",
                "sha256:8109e0324d21993d5b2d111742bf5958f3516bf8c59f297c5d1cc25a2342eb66",
                "sha256:81642a24798851b118f82884205fc1bd9ff70b655c04018c467824b6ecc1fabc",
                "sha256:8450d15f7765482e86ef9be2ad1a05683cd826f59ad236ef7b9fb606464a56aa",
                "sha256:875d51b3497439a72e2d76183e1cb5468f3f979ab2ddfc1d1f7dde3b1ecfb42f",
                "sha256:8b477b43ced896301665183a5e0faec0f5aea2373005648da8bdcb3c4b73f280",
                "sha256:8d3e252d4127c79b4d7c2ae47271636cbaca905c8bb46d80c7930ab906cf4b5c",
                "sha256:916bc2e6cf492c77ad6deb7bcd088f0ce9c607aaeabc543edeb703e1fbc43e31",
                "sha256:988f8f6abfba7ee79449f8b50687c174733b079521c3cc121d65ad2d38831846",
                "sha256:99a84ab9ac9a823e7e93b4414f86344052a5f3e23b23aa365cda01393ad895bd",
                "sha256:9be02162af0376d64b840f2fc8ee3366794fc149f1e06d095a6a1d42447d97c5",
                "sha256:a5585189b3d90d81ccd62d4f18530d5ac8972021f0aaaa1ffc6af387ff1dce75",
                "sha256:ae33a72336059213996fe4baca4e0e4860913905c2efb7c991eab33b95a98a0a",
                "sha256:af4f7c3c904ca709493eb66ca9080b44190c38e9ecb3b48b96d38825d5672559",
                "sha256:b20141fa6cee041917801de0bab503447196d372d4c7ee9a03721b0a8edf5337",
                "sha256:b3210869161a864f3831635bb13d24f4708c0aa7208ef5baac1ac4d46e9b4208",
                "sha256:b34e8c0e492949ecdd5da46a1cfc856a342e2f0389b379b1a45a3cdcd3176a6e",
                "sha256:b52ac2626945cd21a2487aeefed794c14ee31514c8ae69b7599170418211e6f6",
                "sha256:b5dd713a1734574c2850c566ac4286594bacbc2d60b9170b795bee4b68656625",
                "sha256:b5f705652360d520c2de52bee11100c92f59b3e3daca308ebb150cbc58aecdad",
                "sha256:b6389c50d8d214c9cd11a77f6d501529cb23279a9c9cafe519a3a4b503b5f72a",
                "sha256:b6bad92de071cbffa2acd4239c1779f66851b60ffbbda0e4f4e8a2e9b17e7eef",
                "sha256:b75dd0928ce8e216f88660ab3d5c5ffe990f4dd682fd1709dba29d5dafdde6de",
                "sha256:c2523f8180ebd9796c18d809e9a19075a1060b1a170fde3799e83db940c1b6d5",
                "sha256:c31022d9970177f6affc6d5dd757ed22e44a10890212032fabab903fdee3bfe7",
                "sha256:c36fd260084bb636b9400bb92016c6bd81fd80e59ed47f2466f85eda1fc9f782",
                "sha256:c3741cb0bf9794783028e8b0cf23dab917fa5e37a6093b94c4c2f805f8e36b9f",
                "sha256:c3fbe449d869ea4d0909fc9d862007fb39a584fb0b73349a6aab336f0d90eaed",
                "sha256:c66546e30addb04a16cd864f10f5821272a1bfe6462ee5605613b4f1cb6f7b48",
                "sha256:c71d9d512b76f05fa00282227c2ae884abb60e09f08b5ca3132b7e7431ac7f0d",
                "sha256:c8601a66fbfc0052bb7860d2eacd303fcde3c14e87fdde409eceff516d659e77",
                "sha256:c88adbcb933f6b8612f6c593384bf824e562bb35fc8a0f55fac690ab5b3486e5",
                "sha256:ca00fafd2756bc9649bf80f1cf72c647dce38635f0695d7ce804bc0f759aa756",
                "sha256:ca8a23097c1f50e0fdb4de9e427537ca122a18df2eead06ed39c3a0bef6d9d3a",
                "sha256:cda1e2f66bb4ba7261a0f4c2d052d5d909798fca557cbff68f8a79a87d66a18f",
                "sha256:cdfc04f7647c29fb48da7a04082c34cdb16f878d3c6d098d62d5715c0ad3000c",
                "sha256:cf62dacb3f9234f3fddd74e178e6d25c68f2067fde765f1d95f87b1381248f58",
                "sha256:d00df2e4a81ffa56a6b1ec4d2bc29afdcb7f565e0b8cd3092fece2290c4c7a79",
                "sha256:d248a109699ce9992304e79c1f8735c82cc4c1386cd8e27027329c0549f248a2",
                "sha256:d63def9bbc6b35aef4d76dc740301a4185867e8870cbb8719ec9de672212fca8",
                "sha256:d82f20c0060ffdaadaf642b88ab0aa52365b56dffae812e188e5bdb998043588",
                "sha256:dbcf5371ea704759fcce772c66a07647751d1f5dbdec7818331c9b31ae996c77",
                "sha256:e8914dad106dacb0775718e54bf15e528055c4e92fb2677842996f2d52da5069",
                "sha256:ebe303cd9839af69dd1f7942acaa80b1ba90bacef2e7ded9347fbed4f1654672",
                "sha256:ec55a81ac2b0f41b8d6fb29aad16e55417036c7563bad5568686931aa4ff08f7",
                "sha256:effe182767d102cb65dfbbf74192237dbd22d4191928d59415aa7d7c861d8c88",
                "sha256:f42b82f268689f429def9ecfb86fa65ceea0eaf3fed408b570fe113311bf5ce7",
                "sha256:f6fe570e20e293eb50491ae14ddeef71a6a7e5f59d7e791393ffa99b13f1f8c2",
                "sha256:f799d1d6c33d81e983d3682571cc7d993ae7ff772c19b3aabb767039c33f6d1e",
                "sha256:f891b98f8bc6c9d521785816085e9657212621e93f223917fb8e32f318b2957e",
                "sha256:fa263135b892686e11d5b84f6a1892523123a00b7e5882eff4fbdabb38667347",
                "sha256:fa4c598ed77f74ec973247ca776341200b0f93ec3883e34c222907ce72cb92a4",
                "sha256:fe56659ccadbee97908132135de4b875543353351e0c92e736b7c57aee298b5a",
                "sha256:fe59a0c21a032024edb0c8e43f5dee5623fef0b65a1e3c1281836d9ce199af3b"
            ],
            "markers": "python_version >= '3.7'",
            "version": "==2.13.7"
        },
        "requests": {
            "hashes": [
                "sha256:7c5599b102feddaa661c826c56ab4fee28bfd17f5abca1ebbe3e7f19d7c97983",
                "sha256:8fefa2a1a1365bf5520aac41836fbee479da67864514bdb821f31ce07ce65349"
            ],
            "markers": "python_version >= '3.7' and python_version < '4'",
            "version": "==2.28.1"
        },
        "setuptools": {
            "hashes": [
                "sha256:57f6f22bde4e042978bcd50176fdb381d7c21a9efa4041202288d3737a0c6a54",
                "sha256:a7620757bf984b58deaf32fc8a4577a9bbc0850cf92c20e1ce41c38c19e5fb75"
            ],
            "markers": "python_version >= '3.7'",
            "version": "==65.6.3"
        },
        "six": {
            "hashes": [
                "sha256:1e61c37477a1626458e36f7b1d82aa5c9b094fa4802892072e49de9c60c4c926",
                "sha256:8abb2f1d86890a2dfb989f9a77cfcfd3e47c2a354b01111771326f8aa26e0254"
            ],
            "markers": "python_version >= '2.7' and python_version not in '3.0, 3.1, 3.2, 3.3'",
            "version": "==1.16.0"
        },
        "urllib3": {
            "hashes": [
                "sha256:47cc05d99aaa09c9e72ed5809b60e7ba354e64b59c9c173ac3018642d8bb41fc",
                "sha256:c083dd0dce68dbfbe1129d5271cb90f9447dea7d52097c6e0126120c521ddea8"
            ],
            "markers": "python_version >= '2.7' and python_version not in '3.0, 3.1, 3.2, 3.3, 3.4, 3.5'",
            "version": "==1.26.13"
        },
        "werkzeug": {
            "hashes": [
                "sha256:2de2a5db0baeae7b2d2664949077c2ac63fbd16d98da0ff71837f7d1dea3fd43",
                "sha256:6c80b1e5ad3665290ea39320b91e1be1e0d5f60652b964a3070216de83d2e47c"
            ],
            "markers": "python_version >= '2.7' and python_version not in '3.0, 3.1, 3.2, 3.3, 3.4'",
            "version": "==1.0.1"
        }
    },
    "develop": {}
}
