{
    "_meta": {
        "hash": {
            "sha256": "c516dfca2d799327c934a15bc0e4616fd5ad3ebec0ff66f96b317e08b20badde"
        },
        "pipfile-spec": 6,
        "requires": {
            "python_version": "3.7"
        },
        "sources": [
            {
                "name": "pypi",
                "url": "https://pypi.org/simple",
                "verify_ssl": true
            }
        ]
    },
    "default": {
        "braviaproapi": {
            "hashes": [
                "sha256:12ee5a80eb5dfed75e3a406c4ead11aa42863bbe69445a4fa4fa77eaed005759"
            ],
            "index": "pypi",
            "version": "==0.1.8"
        },
        "certifi": {
            "hashes": [
                "sha256:539cc1d13202e33ca466e88b2807e29f4c13049d6d87031a3c110744495cb082",
                "sha256:92d6037539857d8206b8f6ae472e8b77db8058fec5937a1ef3f54304089edbb9"
            ],
            "index": "pypi",
            "version": "==2023.7.22"
        },
        "charset-normalizer": {
            "hashes": [
                "sha256:04e57ab9fbf9607b77f7d057974694b4f6b142da9ed4a199859d9d4d5c63fe96",
                "sha256:09393e1b2a9461950b1c9a45d5fd251dc7c6f228acab64da1c9c0165d9c7765c",
                "sha256:0b87549028f680ca955556e3bd57013ab47474c3124dc069faa0b6545b6c9710",
                "sha256:1000fba1057b92a65daec275aec30586c3de2401ccdcd41f8a5c1e2c87078706",
                "sha256:1249cbbf3d3b04902ff081ffbb33ce3377fa6e4c7356f759f3cd076cc138d020",
                "sha256:1920d4ff15ce893210c1f0c0e9d19bfbecb7983c76b33f046c13a8ffbd570252",
                "sha256:193cbc708ea3aca45e7221ae58f0fd63f933753a9bfb498a3b474878f12caaad",
                "sha256:1a100c6d595a7f316f1b6f01d20815d916e75ff98c27a01ae817439ea7726329",
                "sha256:1f30b48dd7fa1474554b0b0f3fdfdd4c13b5c737a3c6284d3cdc424ec0ffff3a",
                "sha256:203f0c8871d5a7987be20c72442488a0b8cfd0f43b7973771640fc593f56321f",
                "sha256:246de67b99b6851627d945db38147d1b209a899311b1305dd84916f2b88526c6",
                "sha256:2dee8e57f052ef5353cf608e0b4c871aee320dd1b87d351c28764fc0ca55f9f4",
                "sha256:2efb1bd13885392adfda4614c33d3b68dee4921fd0ac1d3988f8cbb7d589e72a",
                "sha256:2f4ac36d8e2b4cc1aa71df3dd84ff8efbe3bfb97ac41242fbcfc053c67434f46",
                "sha256:3170c9399da12c9dc66366e9d14da8bf7147e1e9d9ea566067bbce7bb74bd9c2",
                "sha256:3b1613dd5aee995ec6d4c69f00378bbd07614702a315a2cf6c1d21461fe17c23",
                "sha256:3bb3d25a8e6c0aedd251753a79ae98a093c7e7b471faa3aa9a93a81431987ace",
                "sha256:3bb7fda7260735efe66d5107fb7e6af6a7c04c7fce9b2514e04b7a74b06bf5dd",
                "sha256:41b25eaa7d15909cf3ac4c96088c1f266a9a93ec44f87f1d13d4a0e86c81b982",
                "sha256:45de3f87179c1823e6d9e32156fb14c1927fcc9aba21433f088fdfb555b77c10",
                "sha256:46fb8c61d794b78ec7134a715a3e564aafc8f6b5e338417cb19fe9f57a5a9bf2",
                "sha256:48021783bdf96e3d6de03a6e39a1171ed5bd7e8bb93fc84cc649d11490f87cea",
                "sha256:4957669ef390f0e6719db3613ab3a7631e68424604a7b448f079bee145da6e09",
                "sha256:5e86d77b090dbddbe78867a0275cb4df08ea195e660f1f7f13435a4649e954e5",
                "sha256:6339d047dab2780cc6220f46306628e04d9750f02f983ddb37439ca47ced7149",
                "sha256:681eb3d7e02e3c3655d1b16059fbfb605ac464c834a0c629048a30fad2b27489",
                "sha256:6c409c0deba34f147f77efaa67b8e4bb83d2f11c8806405f76397ae5b8c0d1c9",
                "sha256:7095f6fbfaa55defb6b733cfeb14efaae7a29f0b59d8cf213be4e7ca0b857b80",
                "sha256:70c610f6cbe4b9fce272c407dd9d07e33e6bf7b4aa1b7ffb6f6ded8e634e3592",
                "sha256:72814c01533f51d68702802d74f77ea026b5ec52793c791e2da806a3844a46c3",
                "sha256:7a4826ad2bd6b07ca615c74ab91f32f6c96d08f6fcc3902ceeedaec8cdc3bcd6",
                "sha256:7c70087bfee18a42b4040bb9ec1ca15a08242cf5867c58726530bdf3945672ed",
                "sha256:855eafa5d5a2034b4621c74925d89c5efef61418570e5ef9b37717d9c796419c",
                "sha256:8700f06d0ce6f128de3ccdbc1acaea1ee264d2caa9ca05daaf492fde7c2a7200",
                "sha256:89f1b185a01fe560bc8ae5f619e924407efca2191b56ce749ec84982fc59a32a",
                "sha256:8b2c760cfc7042b27ebdb4a43a4453bd829a5742503599144d54a032c5dc7e9e",
                "sha256:8c2f5e83493748286002f9369f3e6607c565a6a90425a3a1fef5ae32a36d749d",
                "sha256:8e098148dd37b4ce3baca71fb394c81dc5d9c7728c95df695d2dca218edf40e6",
                "sha256:94aea8eff76ee6d1cdacb07dd2123a68283cb5569e0250feab1240058f53b623",
                "sha256:95eb302ff792e12aba9a8b8f8474ab229a83c103d74a750ec0bd1c1eea32e669",
                "sha256:9bd9b3b31adcb054116447ea22caa61a285d92e94d710aa5ec97992ff5eb7cf3",
                "sha256:9e608aafdb55eb9f255034709e20d5a83b6d60c054df0802fa9c9883d0a937aa",
                "sha256:a103b3a7069b62f5d4890ae1b8f0597618f628b286b03d4bc9195230b154bfa9",
                "sha256:a386ebe437176aab38c041de1260cd3ea459c6ce5263594399880bbc398225b2",
                "sha256:a38856a971c602f98472050165cea2cdc97709240373041b69030be15047691f",
                "sha256:a401b4598e5d3f4a9a811f3daf42ee2291790c7f9d74b18d75d6e21dda98a1a1",
                "sha256:a7647ebdfb9682b7bb97e2a5e7cb6ae735b1c25008a70b906aecca294ee96cf4",
                "sha256:aaf63899c94de41fe3cf934601b0f7ccb6b428c6e4eeb80da72c58eab077b19a",
                "sha256:b0dac0ff919ba34d4df1b6131f59ce95b08b9065233446be7e459f95554c0dc8",
                "sha256:baacc6aee0b2ef6f3d308e197b5d7a81c0e70b06beae1f1fcacffdbd124fe0e3",
                "sha256:bf420121d4c8dce6b889f0e8e4ec0ca34b7f40186203f06a946fa0276ba54029",
                "sha256:c04a46716adde8d927adb9457bbe39cf473e1e2c2f5d0a16ceb837e5d841ad4f",
                "sha256:c0b21078a4b56965e2b12f247467b234734491897e99c1d51cee628da9786959",
                "sha256:c1c76a1743432b4b60ab3358c937a3fe1341c828ae6194108a94c69028247f22",
                "sha256:c4983bf937209c57240cff65906b18bb35e64ae872da6a0db937d7b4af845dd7",
                "sha256:c4fb39a81950ec280984b3a44f5bd12819953dc5fa3a7e6fa7a80db5ee853952",
                "sha256:c57921cda3a80d0f2b8aec7e25c8aa14479ea92b5b51b6876d975d925a2ea346",
                "sha256:c8063cf17b19661471ecbdb3df1c84f24ad2e389e326ccaf89e3fb2484d8dd7e",
                "sha256:ccd16eb18a849fd8dcb23e23380e2f0a354e8daa0c984b8a732d9cfaba3a776d",
                "sha256:cd6dbe0238f7743d0efe563ab46294f54f9bc8f4b9bcf57c3c666cc5bc9d1299",
                "sha256:d62e51710986674142526ab9f78663ca2b0726066ae26b78b22e0f5e571238dd",
                "sha256:db901e2ac34c931d73054d9797383d0f8009991e723dab15109740a63e7f902a",
                "sha256:e03b8895a6990c9ab2cdcd0f2fe44088ca1c65ae592b8f795c3294af00a461c3",
                "sha256:e1c8a2f4c69e08e89632defbfabec2feb8a8d99edc9f89ce33c4b9e36ab63037",
                "sha256:e4b749b9cc6ee664a3300bb3a273c1ca8068c46be705b6c31cf5d276f8628a94",
                "sha256:e6a5bf2cba5ae1bb80b154ed68a3cfa2fa00fde979a7f50d6598d3e17d9ac20c",
                "sha256:e857a2232ba53ae940d3456f7533ce6ca98b81917d47adc3c7fd55dad8fab858",
                "sha256:ee4006268ed33370957f55bf2e6f4d263eaf4dc3cfc473d1d90baff6ed36ce4a",
                "sha256:eef9df1eefada2c09a5e7a40991b9fc6ac6ef20b1372abd48d2794a316dc0449",
                "sha256:f058f6963fd82eb143c692cecdc89e075fa0828db2e5b291070485390b2f1c9c",
                "sha256:f25c229a6ba38a35ae6e25ca1264621cc25d4d38dca2942a7fce0b67a4efe918",
                "sha256:f2a1d0fd4242bd8643ce6f98927cf9c04540af6efa92323e9d3124f57727bfc1",
                "sha256:f7560358a6811e52e9c4d142d497f1a6e10103d3a6881f18d04dbce3729c0e2c",
                "sha256:f779d3ad205f108d14e99bb3859aa7dd8e9c68874617c72354d7ecaec2a054ac",
                "sha256:f87f746ee241d30d6ed93969de31e5ffd09a2961a051e60ae6bddde9ec3583aa"
            ],
            "markers": "python_version >= '3.7'",
            "version": "==3.2.0"
        },
        "click": {
            "hashes": [
                "sha256:d2b5255c7c6349bc1bd1e59e08cd12acbbd63ce649f2588755783aa94dfb6b1a",
                "sha256:dacca89f4bfadd5de3d7489b7c8a566eee0d3676333fbb50030263894c38c0dc"
            ],
            "markers": "python_version >= '2.7' and python_version not in '3.0, 3.1, 3.2, 3.3, 3.4'",
            "version": "==7.1.2"
        },
        "flask": {
            "hashes": [
                "sha256:0fbeb6180d383a9186d0d6ed954e0042ad9f18e0e8de088b2b419d526927d196",
                "sha256:c34f04500f2cbbea882b1acb02002ad6fe6b7ffa64a6164577995657f50aed22"
            ],
            "index": "pypi",
            "version": "==1.1.4"
        },
        "fuzzywuzzy": {
            "hashes": [
                "sha256:45016e92264780e58972dca1b3d939ac864b78437422beecebb3095f8efd00e8",
                "sha256:928244b28db720d1e0ee7587acf660ea49d7e4c632569cad4f1cd7e68a5f0993"
            ],
            "index": "pypi",
            "version": "==0.18.0"
        },
        "gunicorn": {
            "hashes": [
                "sha256:9dcc4547dbb1cb284accfb15ab5667a0e5d1881cc443e0677b4882a4067a807e",
                "sha256:e0a968b5ba15f8a328fdfd7ab1fcb5af4470c28aaf7e55df02a99bc13138e6e8"
            ],
            "index": "pypi",
            "version": "==20.1.0"
        },
        "idna": {
            "hashes": [
                "sha256:814f528e8dead7d329833b91c5faa87d60bf71824cd12a7530b5526063d02cb4",
                "sha256:90b77e79eaa3eba6de819a0c442c0b4ceefc341a7a2ab77d7562bf49f425c5c2"
            ],
            "markers": "python_version >= '3.5'",
            "version": "==3.4"
        },
        "itsdangerous": {
            "hashes": [
                "sha256:321b033d07f2a4136d3ec762eac9f16a10ccd60f53c0c91af90217ace7ba1f19",
                "sha256:b12271b2047cb23eeb98c8b5622e2e5c5e9abd9784a153e9d8ef9cb4dd09d749"
            ],
            "markers": "python_version >= '2.7' and python_version not in '3.0, 3.1, 3.2, 3.3'",
            "version": "==1.1.0"
        },
        "jinja2": {
            "hashes": [
                "sha256:03e47ad063331dd6a3f04a43eddca8a966a26ba0c5b7207a9a9e4e08f1b29419",
                "sha256:a6d58433de0ae800347cab1fa3043cebbabe8baa9d29e668f1c768cb87a333c6"
            ],
            "markers": "python_version >= '2.7' and python_version not in '3.0, 3.1, 3.2, 3.3, 3.4'",
            "version": "==2.11.3"
        },
        "levenshtein": {
            "hashes": [
                "sha256:0385d69ccca8bc1a091e1071357b8610af758af8968ed32bedcedf96c51a6bb9",
                "sha256:07836b04b628f9db65f24c34bb63fb453723aadf00b45e093384108ec05ba545",
                "sha256:079a216a55a3735f59661e0b25ff3a2122e18a710682d88e0d7576bff594f547",
                "sha256:085e7a8f5d8a2d71790f2c16363dbd15bdc6b2d66bb12adfeef453d9436fc641",
                "sha256:0e8c505bfb2b64d4d14a6e9f9d115877d150a398a09a97b7827df4711f1e5b4b",
                "sha256:130404e7a917c3ba80879cd8fcdd6f6e84e2cdc3018cd225d95fea906be8d8fa",
                "sha256:1481916946b50c7c80d4d318e290392614a07f9fcc612aadf3c6ce2c685ccbe9",
                "sha256:153ff8e7491f80b72250cabce926922d3d4a623d0846602a3f4fef974c3e7f4d",
                "sha256:204e8454d9f0be127ae21f0ff05506ed6785937c78d4ed8597504283675fdd79",
                "sha256:24ffa06dd1a348b45584a192a86ff5ae8233d1c1cea4bd49fa9243485b8cf838",
                "sha256:2c38b1005e6b7fe62dfc50c56bd0b7fc85688a7197f6a116459a3107461472e2",
                "sha256:2c8995f69db76b6c9fc113dc65b9b17a1f04f718f2c18203f6c0ac84a07462c7",
                "sha256:2e3eb8e529cad2419d3f4bbb9f5fa0ea845c142b5e17a59c3f4ffe82b1ebfa29",
                "sha256:2ed457334940a0dff6617e86f7df6b3ff64aa9f5a0571c7bd889228f6a9863f6",
                "sha256:2f586f3b192805ee19fb56bed803d05966ef0edc544822e934bb106f688d427b",
                "sha256:3512354f28a13e680c5d7e83e9edc23afa5b807895db7933efb0be3fee3d50e1",
                "sha256:36a479f799613479871da1ed221b7099cb77caf5b060fa9eb916d5b90c0ae206",
                "sha256:3a57710c9c35cf41df77f4eb24ae5e9568a2d9fba3010ace657a8ec7d044c871",
                "sha256:3bf05b99f268330a833f4749b35bf84a31985ae2a52d228207efa3e2863ba832",
                "sha256:3f8d2d36c1d8ad9a699b1b41948c08161d4c645921ddb643b1d478b8457c859a",
                "sha256:404d30d0d4b36ea504b30c508107327fa06b2cdae88291d1864b236744858ac5",
                "sha256:43505eb89a80ea529c019391809c6fbf552eb5b4a5e34780c842b0f324d2b769",
                "sha256:438d95ca36c8d277fb0cb078eab227173e1a59c6742cdb6dd97f106106e38ffd",
                "sha256:4619c165f1fe1048fc22065290b779ac3903d0d75b0fb2c600abc3913993036c",
                "sha256:477265c6ba07bb01f96e64fe427ec51f63872dcb345f6340f5e5c7403e367282",
                "sha256:49bbdd707f435ad0c0e8c2727dd07233ff1db52ac607f9a67f18bf1eb275de66",
                "sha256:4d61ed0b452fb6456be49ab1b9b2f1d6366db611a8c71a2fecab37118010e6c5",
                "sha256:5201b798e0905adab04c8b9d6ff5dd6cae13456b3e390fcd099991ce4fd32967",
                "sha256:55baa3498b31ceb62b54e5278e6f5830b4748b4709fa291e91b7d022f9bef63a",
                "sha256:59a9067d5a9b63ec5ce7e23624dfe2c26438deecb3e46103fa68c72baef544ec",
                "sha256:59da44a59861f60b049178a56c9d723d7181c5e2e6adf04bf54120c2d1d589a1",
                "sha256:5bc69cbb75c502492666fd45b345e3f31a8a709b4019146cfc19f331fe1f6b38",
                "sha256:5d8cb2b06d8e7683c321e20740385545447cb2faf2286e2817ca03745354bf0c",
                "sha256:6456643a8c5de3ced585d9fd4fba8ae78a3b7860bed7a670f76e7a7865b34c78",
                "sha256:65dc11345ac7d4c13f2392ec3610c392498500a7ba6455408abdd129becea41f",
                "sha256:675a91e9020a24c53301de11cd4b9b9b07827f93e2ddb56187c7ba2eede58dbc",
                "sha256:6b3745a6c1dee2178feab4e37ee46669ea2a7b8122eb63803e96547fff9bf1fc",
                "sha256:6b7d71485f4bf92d5cddfdb91a82a0308a7a6b6a216887de44ecdab0c0495ca1",
                "sha256:6c587c15278877e6974f2899c2bc15e561f762a71c2b8d8771de88c650738d87",
                "sha256:6cf9c8a45ce9fd60ff0fcdd5cfa44c83f2d2a0188c9e85d7eef36579919cb574",
                "sha256:71f0c835dc7a8fd7a8b94374bb60ad238fbf7a4264f40868ec4d884130b8d96f",
                "sha256:72ac6ae6581a586ef7f325413d4f87c39dc5e50734c5731586c73c7f837af8fc",
                "sha256:73f9db6a178a926c15dd1a8c9ccd810407c3eaddbfc2145f68242b55e238fd85",
                "sha256:744d374f8227624028642d078ae4692f73e9e53b0ff87d25232e75abe842b00c",
                "sha256:7677c9abbeff907bbd7869e33e47874e6ecf6e4341298e968c9e3dbf4c344765",
                "sha256:76ee654d6a741e43039094c9c68396f952d48c4b74d4da1450c87b77db5a7f83",
                "sha256:7a9622d9bba7173df575cbfc4bc0a0d929d1733e1eeac85829e4f1ad21a24de5",
                "sha256:7b42a6470ee44e80332acc95ed55890d12b5f27676a942e0c268b0092569f06c",
                "sha256:7d8cb8a401633ff6210c2fe4cd5a1410b26cef47f42e0e1ab3563c5f94975c4c",
                "sha256:7dc85e9d8a74af873621d2b26e04aa1f41e02588a98dc859bc448e5c04aebb2a",
                "sha256:7fae73b02e929da1b52d988e54f029347fe9e5b024282c9492cfc4d8a951cd93",
                "sha256:828ceb9a947be03dded59d7d44fa8629ab7fc32185e460ada6355d23412ced7c",
                "sha256:8746be2afafdab5ffc05094b0a954cea4f95bcc3e2bd48dce04b5e51063aeefb",
                "sha256:8b6e23ec767c8985a381869d3cb3935f8e67e57b80cbbdb5986329bb75f348b5",
                "sha256:8dc2232dd6918aa3f6be80c9c620ce0a0e361b1b979a49d1e3fa831af224e721",
                "sha256:9039bbcdb306b74542e36aa72fd3afa16db67516bbab65cbfd7ad10480b13c64",
                "sha256:918a97459df93a8984355f91886f29dc97ddef85dfff185b38b1b748512411a1",
                "sha256:939b819874903a689863f3a552a90e1742ac342cda80f5d3e8adb42e1729d37e",
                "sha256:940c193991eb12922f76c422946f6c3d30ad144233c0b49dfa48e132a445cbcb",
                "sha256:94c773c9fb3a90cb7e191087beb06fb49b8d0452fb0f1abf27e9c644b19a0557",
                "sha256:96070d1a1c0d908d65cd9765a7b63ecafa8ef52d7a6460dccdf4d1bd29ad98fd",
                "sha256:97a5424784b4c0989b2ec227ae000e80b293d7cc1bd3b02866d7943a3cf6b65c",
                "sha256:98e741e54b7e66a63d92af04193b9d819b8f29292ccfcfd2cc6eee67ab2469f1",
                "sha256:9d1c2766a63f1231119d6744502913e432c33aa0ceb6fabc536a4fbffcc90a46",
                "sha256:9e8c5d97068fb4a78f5bfe0f5d8fa365867f2431f399f5df9dd2b741558c3684",
                "sha256:9ea2f847e209a463387b8e8d6743b1cd929e60fdce85d8ab19022ba6678546c5",
                "sha256:a66a3ef2e58ac7eb8f96ae8ba8b9aec34d1446865faaeab86d3559b9a0d422aa",
                "sha256:a8aac56e669a733e03c81b2e015dcd8d287db716bf2c6c9a480c4227300a7c52",
                "sha256:a8cc52849264d3aa6e16c9daca95a02d59e9496c86f18def7131413cfba617cc",
                "sha256:b134a8f6fa42355baf6687c7c6890f82672de95ea44fdb59f99696087ec19439",
                "sha256:b42f81d9fd1c89fe57f17288032b93020eff9ece58a2b8fbea77fc60bc321c11",
                "sha256:b6463f3bc2a426703b2b259c1d6aaa73bd0c3fc85492c0f4d5dfd60658271ee9",
                "sha256:b714581e760c79ff990d8196bd0978d9246427a93eefb1f9f1087b88e17c594d",
                "sha256:ba530885bc063ad90e8dff6d7e4cb55e523213ca1815a41ccc67a2efb405ad3b",
                "sha256:c09cb048098396a3ece6afe032cfdca0bb0fa49d5fb6b146d762e2d45274abba",
                "sha256:c4c1e802c746679c765c780fb0dce82af1cc000bc0bea9c37bd4d6d295ddd339",
                "sha256:c7b39b572cd3d2c2b8c5753246a52eda3cf3360f49de95e3f671062acc6caaf4",
                "sha256:cab33decf636cebb20bf90563e89eb500ccfb758b0af19630ce149606f0b130f",
                "sha256:caf6ad0c8c0780d78c3f5eb270fb8aa5820cf423057d252a1de6a79b1f07e76b",
                "sha256:d0f56896b12f4276a77e774be560d00bd6b173af1a5554554ed86a288ff111a4",
                "sha256:d140a0a450813ef8658f2a87d5c7d9ea2fff3f8b8d80e7ac80061b21c6a733f0",
                "sha256:d17615b69f01a7db2bd4269e14fdad71bc7c3f08ca7a366914f85b08341953a0",
                "sha256:d3e14702351d7c844aaef5fe1ffc53f590e4e6a17b12836517f9771379b0da49",
                "sha256:d5cba3eab536188f16115ab6ea5de1e19440c35bb01c817388e3696b811bca21",
                "sha256:d6b247b22703d1989cb97a0b26485db7a3397322d3975c974c22e10a1592a414",
                "sha256:d9ad1515424b708608596a1bf314781d240f5b4fd934528d2bf0c9d7d0620e78",
                "sha256:dae722ee22c610243d6fade46ce04ab16a36862b3edc732a60ccc57a4e9c6af8",
                "sha256:db71d6ea4f2412b06bec7ed697dd2efe4f42ff953db58354364902d8f29587a4",
                "sha256:dd2c3a10c7d5d1ddb181121d7a038918408efb92206519428bcee6fe6a9fec30",
                "sha256:df4ba85d1c2361b2591d8b8c01740ed9803a7c32d706f1015446f5f382c4b8ec",
                "sha256:e0963497f51ff5aa73447173178daefff4a80e4165c2575d1357503c030f0a6b",
                "sha256:e21df20e8d8df9be6b33ed013852ba6a317d139d11647f8b241c894c8b76d523",
                "sha256:e48dd2f143f2236717a7604fed2dc2e078b96a0c3881e490f258a5f4bde11324",
                "sha256:e614c3d02693f2355c42638753c4de7f5682265691a8bd7fd7d7e1fb6372f7e2",
                "sha256:e8ecf0a10823ca4c90c42adb79478a845ea4979a751f32bc7cdb3b32e39e9c7f",
                "sha256:ede6b8eaeb73aff5714459cbf5c18345fc40ca90b1885bd7e5cf0c27d99f118a",
                "sha256:ef65c16113028688353b10d159b6f12a6a471890ea6aa466a0626cd11c9239a5",
                "sha256:f71e89af67e7eb8eed11178711cc23e151e29fe488017cfc56a0a644c5e5d19d",
                "sha256:f7e4be20d10ffd24723363d4796ea78371c73d961725d7663381bbfa07ad086a",
                "sha256:f87c9ed45e05fb9ad800560e3c063b1945cda981b6f92b1abfefb603b8f9113a",
                "sha256:feaf0ae11827a917cdb314f189c711e0fb2b677f4e69e2c61276a65f2209ac4e",
                "sha256:ff3e7e6a58892ee30f90507a4da1d316e0c3e8e3f1f70b694eeedc397a3d0802"
            ],
            "markers": "python_version >= '3.6'",
            "version": "==0.20.8"
        },
        "markupsafe": {
            "hashes": [
                "sha256:05fb21170423db021895e1ea1e1f3ab3adb85d1c2333cbc2310f2a26bc77272e",
                "sha256:0a4e4a1aff6c7ac4cd55792abf96c915634c2b97e3cc1c7129578aa68ebd754e",
                "sha256:10bbfe99883db80bdbaff2dcf681dfc6533a614f700da1287707e8a5d78a8431",
                "sha256:134da1eca9ec0ae528110ccc9e48041e0828d79f24121a1a146161103c76e686",
                "sha256:1577735524cdad32f9f694208aa75e422adba74f1baee7551620e43a3141f559",
                "sha256:1b40069d487e7edb2676d3fbdb2b0829ffa2cd63a2ec26c4938b2d34391b4ecc",
                "sha256:282c2cb35b5b673bbcadb33a585408104df04f14b2d9b01d4c345a3b92861c2c",
                "sha256:2c1b19b3aaacc6e57b7e25710ff571c24d6c3613a45e905b1fde04d691b98ee0",
                "sha256:2ef12179d3a291be237280175b542c07a36e7f60718296278d8593d21ca937d4",
                "sha256:338ae27d6b8745585f87218a3f23f1512dbf52c26c28e322dbe54bcede54ccb9",
                "sha256:3c0fae6c3be832a0a0473ac912810b2877c8cb9d76ca48de1ed31e1c68386575",
                "sha256:3fd4abcb888d15a94f32b75d8fd18ee162ca0c064f35b11134be77050296d6ba",
                "sha256:42de32b22b6b804f42c5d98be4f7e5e977ecdd9ee9b660fda1a3edf03b11792d",
                "sha256:504b320cd4b7eff6f968eddf81127112db685e81f7e36e75f9f84f0df46041c3",
                "sha256:525808b8019e36eb524b8c68acdd63a37e75714eac50e988180b169d64480a00",
                "sha256:56d9f2ecac662ca1611d183feb03a3fa4406469dafe241673d521dd5ae92a155",
                "sha256:5bbe06f8eeafd38e5d0a4894ffec89378b6c6a625ff57e3028921f8ff59318ac",
                "sha256:65c1a9bcdadc6c28eecee2c119465aebff8f7a584dd719facdd9e825ec61ab52",
                "sha256:68e78619a61ecf91e76aa3e6e8e33fc4894a2bebe93410754bd28fce0a8a4f9f",
                "sha256:69c0f17e9f5a7afdf2cc9fb2d1ce6aabdb3bafb7f38017c0b77862bcec2bbad8",
                "sha256:6b2b56950d93e41f33b4223ead100ea0fe11f8e6ee5f641eb753ce4b77a7042b",
                "sha256:787003c0ddb00500e49a10f2844fac87aa6ce977b90b0feaaf9de23c22508b24",
                "sha256:7ef3cb2ebbf91e330e3bb937efada0edd9003683db6b57bb108c4001f37a02ea",
                "sha256:8023faf4e01efadfa183e863fefde0046de576c6f14659e8782065bcece22198",
                "sha256:8758846a7e80910096950b67071243da3e5a20ed2546e6392603c096778d48e0",
                "sha256:8afafd99945ead6e075b973fefa56379c5b5c53fd8937dad92c662da5d8fd5ee",
                "sha256:8c41976a29d078bb235fea9b2ecd3da465df42a562910f9022f1a03107bd02be",
                "sha256:8e254ae696c88d98da6555f5ace2279cf7cd5b3f52be2b5cf97feafe883b58d2",
                "sha256:9402b03f1a1b4dc4c19845e5c749e3ab82d5078d16a2a4c2cd2df62d57bb0707",
                "sha256:962f82a3086483f5e5f64dbad880d31038b698494799b097bc59c2edf392fce6",
                "sha256:9dcdfd0eaf283af041973bff14a2e143b8bd64e069f4c383416ecd79a81aab58",
                "sha256:aa7bd130efab1c280bed0f45501b7c8795f9fdbeb02e965371bbef3523627779",
                "sha256:ab4a0df41e7c16a1392727727e7998a467472d0ad65f3ad5e6e765015df08636",
                "sha256:ad9e82fb8f09ade1c3e1b996a6337afac2b8b9e365f926f5a61aacc71adc5b3c",
                "sha256:af598ed32d6ae86f1b747b82783958b1a4ab8f617b06fe68795c7f026abbdcad",
                "sha256:b076b6226fb84157e3f7c971a47ff3a679d837cf338547532ab866c57930dbee",
                "sha256:b7ff0f54cb4ff66dd38bebd335a38e2c22c41a8ee45aa608efc890ac3e3931bc",
                "sha256:bfce63a9e7834b12b87c64d6b155fdd9b3b96191b6bd334bf37db7ff1fe457f2",
                "sha256:c011a4149cfbcf9f03994ec2edffcb8b1dc2d2aede7ca243746df97a5d41ce48",
                "sha256:c9c804664ebe8f83a211cace637506669e7890fec1b4195b505c214e50dd4eb7",
                "sha256:ca379055a47383d02a5400cb0d110cef0a776fc644cda797db0c5696cfd7e18e",
                "sha256:cb0932dc158471523c9637e807d9bfb93e06a95cbf010f1a38b98623b929ef2b",
                "sha256:cd0f502fe016460680cd20aaa5a76d241d6f35a1c3350c474bac1273803893fa",
                "sha256:ceb01949af7121f9fc39f7d27f91be8546f3fb112c608bc4029aef0bab86a2a5",
                "sha256:d080e0a5eb2529460b30190fcfcc4199bd7f827663f858a226a81bc27beaa97e",
                "sha256:dd15ff04ffd7e05ffcb7fe79f1b98041b8ea30ae9234aed2a9168b5797c3effb",
                "sha256:df0be2b576a7abbf737b1575f048c23fb1d769f267ec4358296f31c2479db8f9",
                "sha256:e09031c87a1e51556fdcb46e5bd4f59dfb743061cf93c4d6831bf894f125eb57",
                "sha256:e4dd52d80b8c83fdce44e12478ad2e85c64ea965e75d66dbeafb0a3e77308fcc",
                "sha256:fec21693218efe39aa7f8599346e90c705afa52c5b31ae019b2e57e8f6542bb2"
            ],
            "markers": "python_version >= '3.7'",
            "version": "==2.1.3"
        },
        "packaging": {
            "hashes": [
                "sha256:994793af429502c4ea2ebf6bf664629d07c1a9fe974af92966e4b8d2df7edc61",
                "sha256:a392980d2b6cffa644431898be54b0045151319d1e7ec34f0cfed48767dd334f"
            ],
            "markers": "python_version >= '3.7'",
            "version": "==23.1"
        },
        "pycryptodome": {
            "hashes": [
                "sha256:01489bbdf709d993f3058e2996f8f40fee3f0ea4d995002e5968965fa2fe89fb",
                "sha256:10da29526a2a927c7d64b8f34592f461d92ae55fc97981aab5bbcde8cb465bb6",
                "sha256:12600268763e6fec3cefe4c2dcdf79bde08d0b6dc1813887e789e495cb9f3403",
                "sha256:157c9b5ba5e21b375f052ca78152dd309a09ed04703fd3721dce3ff8ecced148",
                "sha256:16bfd98dbe472c263ed2821284118d899c76968db1a6665ade0c46805e6b29a4",
                "sha256:363dd6f21f848301c2dcdeb3c8ae5f0dee2286a5e952a0f04954b82076f23825",
                "sha256:3811e31e1ac3069988f7a1c9ee7331b942e605dfc0f27330a9ea5997e965efb2",
                "sha256:422c89fd8df8a3bee09fb8d52aaa1e996120eafa565437392b781abec2a56e14",
                "sha256:4604816adebd4faf8810782f137f8426bf45fee97d8427fa8e1e49ea78a52e2c",
                "sha256:4944defabe2ace4803f99543445c27dd1edbe86d7d4edb87b256476a91e9ffa4",
                "sha256:51eae079ddb9c5f10376b4131be9589a6554f6fd84f7f655180937f611cd99a2",
                "sha256:53aee6be8b9b6da25ccd9028caf17dcdce3604f2c7862f5167777b707fbfb6cb",
                "sha256:62a1e8847fabb5213ccde38915563140a5b338f0d0a0d363f996b51e4a6165cf",
                "sha256:6f4b967bb11baea9128ec88c3d02f55a3e338361f5e4934f5240afcb667fdaec",
                "sha256:78d863476e6bad2a592645072cc489bb90320972115d8995bcfbee2f8b209918",
                "sha256:795bd1e4258a2c689c0b1f13ce9684fa0dd4c0e08680dcf597cf9516ed6bc0f3",
                "sha256:7a3d22c8ee63de22336679e021c7f2386f7fc465477d59675caa0e5706387944",
                "sha256:83c75952dcf4a4cebaa850fa257d7a860644c70a7cd54262c237c9f2be26f76e",
                "sha256:928078c530da78ff08e10eb6cada6e0dff386bf3d9fa9871b4bbc9fbc1efe024",
                "sha256:957b221d062d5752716923d14e0926f47670e95fead9d240fa4d4862214b9b2f",
                "sha256:9ad6f09f670c466aac94a40798e0e8d1ef2aa04589c29faa5b9b97566611d1d1",
                "sha256:9c8eda4f260072f7dbe42f473906c659dcbadd5ae6159dfb49af4da1293ae380",
                "sha256:b1d9701d10303eec8d0bd33fa54d44e67b8be74ab449052a8372f12a66f93fb9",
                "sha256:b6a610f8bfe67eab980d6236fdc73bfcdae23c9ed5548192bb2d530e8a92780e",
                "sha256:c9adee653fc882d98956e33ca2c1fb582e23a8af7ac82fee75bd6113c55a0413",
                "sha256:cb1be4d5af7f355e7d41d36d8eec156ef1382a88638e8032215c215b82a4b8ec",
                "sha256:d1497a8cd4728db0e0da3c304856cb37c0c4e3d0b36fcbabcc1600f18504fc54",
                "sha256:d20082bdac9218649f6abe0b885927be25a917e29ae0502eaf2b53f1233ce0c2",
                "sha256:e8ad74044e5f5d2456c11ed4cfd3e34b8d4898c0cb201c4038fe41458a82ea27",
                "sha256:f022a4fd2a5263a5c483a2bb165f9cb27f2be06f2f477113783efe3fe2ad887b",
                "sha256:f21efb8438971aa16924790e1c3dba3a33164eb4000106a55baaed522c261acf",
                "sha256:fc0a73f4db1e31d4a6d71b672a48f3af458f548059aa05e83022d5f61aac9c08"
            ],
            "markers": "python_version >= '2.7' and python_version not in '3.0, 3.1, 3.2, 3.3, 3.4'",
            "version": "==3.18.0"
        },
        "python-dateutil": {
            "hashes": [
                "sha256:0123cacc1627ae19ddf3c27a5de5bd67ee4586fbdd6440d9748f8abb483d3e86",
                "sha256:961d03dc3453ebbc59dbdea9e4e11c5651520a876d0f4db161e8674aae935da9"
            ],
            "markers": "python_version >= '2.7' and python_version not in '3.0, 3.1, 3.2, 3.3'",
            "version": "==2.8.2"
        },
        "python-levenshtein": {
            "hashes": [
                "sha256:a932f149c72d2707963947ba9df9729ac36983d2e9db4eb93e4d5b69a8899070",
                "sha256:c2d68fc480394ef87e20097d9c1605ae101340f0a8060c518eacd2e634b190f8"
            ],
            "index": "pypi",
            "version": "==0.20.8"
        },
        "rapidfuzz": {
            "hashes": [
                "sha256:040faca2e26d9dab5541b45ce72b3f6c0e36786234703fc2ac8c6f53bb576743",
                "sha256:074ee9e17912e025c72a5780ee4c7c413ea35cd26449719cc399b852d4e42533",
                "sha256:099e4c6befaa8957a816bdb67ce664871f10aaec9bebf2f61368cf7e0869a7a1",
                "sha256:0f73a04135a03a6e40393ecd5d46a7a1049d353fc5c24b82849830d09817991f",
                "sha256:19b7460e91168229768be882ea365ba0ac7da43e57f9416e2cfadc396a7df3c2",
                "sha256:2084d36b95139413cef25e9487257a1cc892b93bd1481acd2a9656f7a1d9930c",
                "sha256:22b9d22022b9d09fd4ece15102270ab9b6a5cfea8b6f6d1965c1df7e3783f5ff",
                "sha256:2492330bc38b76ed967eab7bdaea63a89b6ceb254489e2c65c3824efcbf72993",
                "sha256:2577463d10811386e704a3ab58b903eb4e2a31b24dfd9886d789b0084d614b01",
                "sha256:2d93ba3ae59275e7a3a116dac4ffdb05e9598bf3ee0861fecc5b60fb042d539e",
                "sha256:2dd03477feefeccda07b7659dd614f6738cfc4f9b6779dd61b262a73b0a9a178",
                "sha256:2e597b9dfd6dd180982684840975c458c50d447e46928efe3e0120e4ec6f6686",
                "sha256:3c53d57ba7a88f7bf304d4ea5a14a0ca112db0e0178fff745d9005acf2879f7d",
                "sha256:3c89cfa88dc16fd8c9bcc0c7f0b0073f7ef1e27cceb246c9f5a3f7004fa97c4d",
                "sha256:3fac40972cf7b6c14dded88ae2331eb50dfbc278aa9195473ef6fc6bfe49f686",
                "sha256:41dfea282844d0628279b4db2929da0dacb8ac317ddc5dcccc30093cf16357c1",
                "sha256:46599b2ad4045dd3f794a24a6db1e753d23304699d4984462cf1ead02a51ddf3",
                "sha256:46754fe404a9a6f5cbf7abe02d74af390038d94c9b8c923b3f362467606bfa28",
                "sha256:47e81767a962e41477a85ad7ac937e34d19a7d2a80be65614f008a5ead671c56",
                "sha256:49c4bcdb9238f11f8c4eba1b898937f09b92280d6f900023a8216008f299b41a",
                "sha256:4d9f7d10065f657f960b48699e7dddfce14ab91af4bab37a215f0722daf0d716",
                "sha256:4f69e6199fec0f58f9a89afbbaea78d637c7ce77f656a03a1d6ea6abdc1d44f8",
                "sha256:509c5b631cd64df69f0f011893983eb15b8be087a55bad72f3d616b6ae6a0f96",
                "sha256:53de456ef020a77bf9d7c6c54860a48e2e902584d55d3001766140ac45c54bc7",
                "sha256:558224b6fc6124d13fa32d57876f626a7d6188ba2a97cbaea33a6ee38a867e31",
                "sha256:591f19d16758a3c55c9d7a0b786b40d95599a5b244d6eaef79c7a74fcf5104d8",
                "sha256:5a738fcd24e34bce4b19126b92fdae15482d6d3a90bd687fd3d24ce9d28ce82d",
                "sha256:5efe035aa76ff37d1b5fa661de3c4b4944de9ff227a6c0b2e390a95c101814c0",
                "sha256:60368e1add6e550faae65614844c43f8a96e37bf99404643b648bf2dba92c0fb",
                "sha256:6534afc787e32c4104f65cdeb55f6abe4d803a2d0553221d00ef9ce12788dcde",
                "sha256:6986413cb37035eb796e32f049cbc8c13d8630a4ac1e0484e3e268bb3662bd1b",
                "sha256:6d89c421702474c6361245b6b199e6e9783febacdbfb6b002669e6cb3ef17a09",
                "sha256:6e2a3b23e1e9aa13474b3c710bba770d0dcc34d517d3dd6f97435a32873e3f28",
                "sha256:7025fb105a11f503943f17718cdb8241ea3bb4d812c710c609e69bead40e2ff0",
                "sha256:785744f1270828cc632c5a3660409dee9bcaac6931a081bae57542c93e4d46c4",
                "sha256:79fc574aaf2d7c27ec1022e29c9c18f83cdaf790c71c05779528901e0caad89b",
                "sha256:7c3ff75e647908ddbe9aa917fbe39a112d5631171f3fcea5809e2363e525a59d",
                "sha256:7d150d90a7c6caae7962f29f857a4e61d42038cfd82c9df38508daf30c648ae7",
                "sha256:7e24a1b802cea04160b3fccd75d2d0905065783ebc9de157d83c14fb9e1c6ce2",
                "sha256:82b86d5b8c1b9bcbc65236d75f81023c78d06a721c3e0229889ff4ed5c858169",
                "sha256:87c30e9184998ff6eb0fa9221f94282ce7c908fd0da96a1ef66ecadfaaa4cdb7",
                "sha256:8ba013500a2b68c64b2aecc5fb56a2dad6c2872cf545a0308fd044827b6e5f6a",
                "sha256:8c99d53138a2dfe8ada67cb2855719f934af2733d726fbf73247844ce4dd6dd5",
                "sha256:91abb8bf7610efe326394adc1d45e1baca8f360e74187f3fa0ef3df80cdd3ba6",
                "sha256:93c33c03e7092642c38f8a15ca2d8fc38da366f2526ec3b46adf19d5c7aa48ba",
                "sha256:94e1c97f0ad45b05003806f8a13efc1fc78983e52fa2ddb00629003acf4676ef",
                "sha256:a0e441d4c2025110ec3eba5d54f11f78183269a10152b3a757a739ffd1bb12bf",
                "sha256:a3a769ca7580686a66046b77df33851b3c2d796dc1eb60c269b68f690f3e1b65",
                "sha256:a48ee83916401ac73938526d7bd804e01d2a8fe61809df7f1577b0b3b31049a3",
                "sha256:a4a54efe17cc9f53589c748b53f28776dfdfb9bc83619685740cb7c37985ac2f",
                "sha256:a6ee758eec4cf2215dc8d8eafafcea0d1f48ad4b0135767db1b0f7c5c40a17dd",
                "sha256:a72f26e010d4774b676f36e43c0fc8a2c26659efef4b3be3fd7714d3491e9957",
                "sha256:a7381c11cb590bbd4e6f2d8779a0b34fdd2234dfa13d0211f6aee8ca166d9d05",
                "sha256:aa1e5aad325168e29bf8e17006479b97024aa9d2fdbe12062bd2f8f09080acf8",
                "sha256:abde47e1595902a490ed14d4338d21c3509156abb2042a99e6da51f928e0c117",
                "sha256:b1b393f4a1eaa6867ffac6aef58cfb04bab2b3d7d8e40b9fe2cf40dd1d384601",
                "sha256:b5cd54c98a387cca111b3b784fc97a4f141244bbc28a92d4bde53f164464112e",
                "sha256:b7461b0a7651d68bc23f0896bffceea40f62887e5ab8397bf7caa883592ef5cb",
                "sha256:b89d1126be65c85763d56e3b47d75f1a9b7c5529857b4d572079b9a636eaa8a7",
                "sha256:bb8318116ecac4dfb84841d8b9b461f9bb0c3be5b616418387d104f72d2a16d1",
                "sha256:be7ccc45c4d1a7dfb595f260e8022a90c6cb380c2a346ee5aae93f85c96d362b",
                "sha256:c2bb68832b140c551dbed691290bef4ee6719d4e8ce1b7226a3736f61a9d1a83",
                "sha256:c35da09ab9797b020d0d4f07a66871dfc70ea6566363811090353ea971748b5a",
                "sha256:c525a3da17b6d79d61613096c8683da86e3573e807dfaecf422eea09e82b5ba6",
                "sha256:c71580052f9dbac443c02f60484e5a2e5f72ad4351b84b2009fbe345b1f38422",
                "sha256:ca8f1747007a3ce919739a60fa95c5325f7667cccf6f1c1ef18ae799af119f5e",
                "sha256:cac095cbdf44bc286339a77214bbca6d4d228c9ebae3da5ff6a80aaeb7c35634",
                "sha256:cfdcdedfd12a0077193f2cf3626ff6722c5a184adf0d2d51f1ec984bf21c23c3",
                "sha256:d0ae6ec79a1931929bb9dd57bc173eb5ba4c7197461bf69e3a34b6dd314feed2",
                "sha256:d14752c9dd2036c5f36ebe8db5f027275fa7d6b3ec6484158f83efb674bab84e",
                "sha256:d4deae6a918ecc260d0c4612257be8ba321d8e913ccb43155403842758c46fbe",
                "sha256:d50622efefdb03a640a51a6123748cd151d305c1f0431af762e833d6ffef71f0",
                "sha256:d59fb3a410d253f50099d7063855c2b95df1ef20ad93ea3a6b84115590899f25",
                "sha256:d62137c2ca37aea90a11003ad7dc109c8f1739bfbe5a9a217f3cdb07d7ac00f6",
                "sha256:d7927722ff43690e52b3145b5bd3089151d841d350c6f8378c3cfac91f67573a",
                "sha256:da7fac7c3da39f93e6b2ebe386ed0ffe1cefec91509b91857f6e1204509e931f",
                "sha256:dc3cafa68cfa54638632bdcadf9aab89a3d182b4a3f04d2cad7585ed58ea8731",
                "sha256:dffdf03499e0a5b3442951bb82b556333b069e0661e80568752786c79c5b32de",
                "sha256:e1e0e569108a5760d8f01d0f2148dd08cc9a39ead79fbefefca9e7c7723c7e88",
                "sha256:e40a2f60024f9d3c15401e668f732800114a023f3f8d8c40f1521a62081ff054",
                "sha256:e9296c530e544f68858c3416ad1d982a1854f71e9d2d3dcedb5b216e6d54f067",
                "sha256:ebb40a279e134bb3fef099a8b58ed5beefb201033d29bdac005bddcdb004ef71",
                "sha256:ed17359061840eb249f8d833cb213942e8299ffc4f67251a6ed61833a9f2ea20",
                "sha256:ed2cf7c69102c7a0a06926d747ed855bc836f52e8d59a5d1e3adfd980d1bd165",
                "sha256:f01fa757f0fb332a1f045168d29b0d005de6c39ee5ce5d6c51f2563bb53c601b",
                "sha256:f0e456cbdc0abf39352800309dab82fd3251179fa0ff6573fa117f51f4e84be8",
                "sha256:f3dd4bcef2d600e0aa121e19e6e62f6f06f22a89f82ef62755e205ce14727874",
                "sha256:f67d5f56aa48c0da9de4ab81bffb310683cf7815f05ea38e5aa64f3ba4368339",
                "sha256:f85bece1ec59bda8b982bd719507d468d4df746dfb1988df11d916b5e9fe19e8",
                "sha256:f976e76ac72f650790b3a5402431612175b2ac0363179446285cb3c901136ca9",
                "sha256:fc0bc259ebe3b93e7ce9df50b3d00e7345335d35acbd735163b7c4b1957074d3",
                "sha256:fc4528b7736e5c30bc954022c2cf410889abc19504a023abadbc59cdf9f37cae"
            ],
            "markers": "python_version >= '3.7'",
            "version": "==2.15.1"
        },
        "requests": {
            "hashes": [
                "sha256:58cd2187c01e70e6e26505bca751777aa9f2ee0b7f4300988b709f44e013003f",
                "sha256:942c5a758f98d790eaed1a29cb6eefc7ffb0d1cf7af05c3d2791656dbd6ad1e1"
            ],
            "markers": "python_version >= '3.7'",
            "version": "==2.31.0"
        },
        "setuptools": {
            "hashes": [
                "sha256:11e52c67415a381d10d6b462ced9cfb97066179f0e871399e006c4ab101fc85f",
                "sha256:baf1fdb41c6da4cd2eae722e135500da913332ab3f2f5c7d33af9b492acb5235"
            ],
            "markers": "python_version >= '3.7'",
            "version": "==68.0.0"
        },
        "six": {
            "hashes": [
                "sha256:1e61c37477a1626458e36f7b1d82aa5c9b094fa4802892072e49de9c60c4c926",
                "sha256:8abb2f1d86890a2dfb989f9a77cfcfd3e47c2a354b01111771326f8aa26e0254"
            ],
            "markers": "python_version >= '2.7' and python_version not in '3.0, 3.1, 3.2, 3.3'",
            "version": "==1.16.0"
        },
        "urllib3": {
            "hashes": [
                "sha256:8d22f86aae8ef5e410d4f539fde9ce6b2113a001bb4d189e0aed70642d602b11",
                "sha256:de7df1803967d2c2a98e4b11bb7d6bd9210474c46e8a0401514e3a42a75ebde4"
            ],
            "markers": "python_version >= '3.7'",
            "version": "==2.0.4"
        },
        "werkzeug": {
            "hashes": [
                "sha256:2de2a5db0baeae7b2d2664949077c2ac63fbd16d98da0ff71837f7d1dea3fd43",
                "sha256:6c80b1e5ad3665290ea39320b91e1be1e0d5f60652b964a3070216de83d2e47c"
            ],
            "markers": "python_version >= '2.7' and python_version not in '3.0, 3.1, 3.2, 3.3, 3.4'",
            "version": "==1.0.1"
        }
    },
    "develop": {}
}
