{
    "_meta": {
        "hash": {
            "sha256": "92e48c3ab93370361dd8495080273fc975e94952ff36616e31b4179de3a409db"
        },
        "pipfile-spec": 6,
        "requires": {
            "python_version": "3.7"
        },
        "sources": [
            {
                "name": "pypi",
                "url": "https://pypi.org/simple",
                "verify_ssl": true
            }
        ]
    },
    "default": {
        "braviaproapi": {
            "hashes": [
                "sha256:12ee5a80eb5dfed75e3a406c4ead11aa42863bbe69445a4fa4fa77eaed005759"
            ],
            "index": "pypi",
            "version": "==0.1.8"
        },
        "certifi": {
            "hashes": [
                "sha256:0569859f95fc761b18b45ef421b1290a0f65f147e92a1e5eb3e635f9a5e4e66f",
                "sha256:dc383c07b76109f368f6106eee2b593b04a011ea4d55f652c6ca24a754d1cdd1"
            ],
            "markers": "python_version >= '3.6'",
            "version": "==2024.2.2"
        },
        "charset-normalizer": {
            "hashes": [
                "sha256:06435b539f889b1f6f4ac1758871aae42dc3a8c0e24ac9e60c2384973ad73027",
                "sha256:06a81e93cd441c56a9b65d8e1d043daeb97a3d0856d177d5c90ba85acb3db087",
                "sha256:0a55554a2fa0d408816b3b5cedf0045f4b8e1a6065aec45849de2d6f3f8e9786",
                "sha256:0b2b64d2bb6d3fb9112bafa732def486049e63de9618b5843bcdd081d8144cd8",
                "sha256:10955842570876604d404661fbccbc9c7e684caf432c09c715ec38fbae45ae09",
                "sha256:122c7fa62b130ed55f8f285bfd56d5f4b4a5b503609d181f9ad85e55c89f4185",
                "sha256:1ceae2f17a9c33cb48e3263960dc5fc8005351ee19db217e9b1bb15d28c02574",
                "sha256:1d3193f4a680c64b4b6a9115943538edb896edc190f0b222e73761716519268e",
                "sha256:1f79682fbe303db92bc2b1136016a38a42e835d932bab5b3b1bfcfbf0640e519",
                "sha256:2127566c664442652f024c837091890cb1942c30937add288223dc895793f898",
                "sha256:22afcb9f253dac0696b5a4be4a1c0f8762f8239e21b99680099abd9b2b1b2269",
                "sha256:25baf083bf6f6b341f4121c2f3c548875ee6f5339300e08be3f2b2ba1721cdd3",
                "sha256:2e81c7b9c8979ce92ed306c249d46894776a909505d8f5a4ba55b14206e3222f",
                "sha256:3287761bc4ee9e33561a7e058c72ac0938c4f57fe49a09eae428fd88aafe7bb6",
                "sha256:34d1c8da1e78d2e001f363791c98a272bb734000fcef47a491c1e3b0505657a8",
                "sha256:37e55c8e51c236f95b033f6fb391d7d7970ba5fe7ff453dad675e88cf303377a",
                "sha256:3d47fa203a7bd9c5b6cee4736ee84ca03b8ef23193c0d1ca99b5089f72645c73",
                "sha256:3e4d1f6587322d2788836a99c69062fbb091331ec940e02d12d179c1d53e25fc",
                "sha256:42cb296636fcc8b0644486d15c12376cb9fa75443e00fb25de0b8602e64c1714",
                "sha256:45485e01ff4d3630ec0d9617310448a8702f70e9c01906b0d0118bdf9d124cf2",
                "sha256:4a78b2b446bd7c934f5dcedc588903fb2f5eec172f3d29e52a9096a43722adfc",
                "sha256:4ab2fe47fae9e0f9dee8c04187ce5d09f48eabe611be8259444906793ab7cbce",
                "sha256:4d0d1650369165a14e14e1e47b372cfcb31d6ab44e6e33cb2d4e57265290044d",
                "sha256:549a3a73da901d5bc3ce8d24e0600d1fa85524c10287f6004fbab87672bf3e1e",
                "sha256:55086ee1064215781fff39a1af09518bc9255b50d6333f2e4c74ca09fac6a8f6",
                "sha256:572c3763a264ba47b3cf708a44ce965d98555f618ca42c926a9c1616d8f34269",
                "sha256:573f6eac48f4769d667c4442081b1794f52919e7edada77495aaed9236d13a96",
                "sha256:5b4c145409bef602a690e7cfad0a15a55c13320ff7a3ad7ca59c13bb8ba4d45d",
                "sha256:6463effa3186ea09411d50efc7d85360b38d5f09b870c48e4600f63af490e56a",
                "sha256:65f6f63034100ead094b8744b3b97965785388f308a64cf8d7c34f2f2e5be0c4",
                "sha256:663946639d296df6a2bb2aa51b60a2454ca1cb29835324c640dafb5ff2131a77",
                "sha256:6897af51655e3691ff853668779c7bad41579facacf5fd7253b0133308cf000d",
                "sha256:68d1f8a9e9e37c1223b656399be5d6b448dea850bed7d0f87a8311f1ff3dabb0",
                "sha256:6ac7ffc7ad6d040517be39eb591cac5ff87416c2537df6ba3cba3bae290c0fed",
                "sha256:6b3251890fff30ee142c44144871185dbe13b11bab478a88887a639655be1068",
                "sha256:6c4caeef8fa63d06bd437cd4bdcf3ffefe6738fb1b25951440d80dc7df8c03ac",
                "sha256:6ef1d82a3af9d3eecdba2321dc1b3c238245d890843e040e41e470ffa64c3e25",
                "sha256:753f10e867343b4511128c6ed8c82f7bec3bd026875576dfd88483c5c73b2fd8",
                "sha256:7cd13a2e3ddeed6913a65e66e94b51d80a041145a026c27e6bb76c31a853c6ab",
                "sha256:7ed9e526742851e8d5cc9e6cf41427dfc6068d4f5a3bb03659444b4cabf6bc26",
                "sha256:7f04c839ed0b6b98b1a7501a002144b76c18fb1c1850c8b98d458ac269e26ed2",
                "sha256:802fe99cca7457642125a8a88a084cef28ff0cf9407060f7b93dca5aa25480db",
                "sha256:80402cd6ee291dcb72644d6eac93785fe2c8b9cb30893c1af5b8fdd753b9d40f",
                "sha256:8465322196c8b4d7ab6d1e049e4c5cb460d0394da4a27d23cc242fbf0034b6b5",
                "sha256:86216b5cee4b06df986d214f664305142d9c76df9b6512be2738aa72a2048f99",
                "sha256:87d1351268731db79e0f8e745d92493ee2841c974128ef629dc518b937d9194c",
                "sha256:8bdb58ff7ba23002a4c5808d608e4e6c687175724f54a5dade5fa8c67b604e4d",
                "sha256:8c622a5fe39a48f78944a87d4fb8a53ee07344641b0562c540d840748571b811",
                "sha256:8d756e44e94489e49571086ef83b2bb8ce311e730092d2c34ca8f7d925cb20aa",
                "sha256:8f4a014bc36d3c57402e2977dada34f9c12300af536839dc38c0beab8878f38a",
                "sha256:9063e24fdb1e498ab71cb7419e24622516c4a04476b17a2dab57e8baa30d6e03",
                "sha256:90d558489962fd4918143277a773316e56c72da56ec7aa3dc3dbbe20fdfed15b",
                "sha256:923c0c831b7cfcb071580d3f46c4baf50f174be571576556269530f4bbd79d04",
                "sha256:95f2a5796329323b8f0512e09dbb7a1860c46a39da62ecb2324f116fa8fdc85c",
                "sha256:96b02a3dc4381e5494fad39be677abcb5e6634bf7b4fa83a6dd3112607547001",
                "sha256:9f96df6923e21816da7e0ad3fd47dd8f94b2a5ce594e00677c0013018b813458",
                "sha256:a10af20b82360ab00827f916a6058451b723b4e65030c5a18577c8b2de5b3389",
                "sha256:a50aebfa173e157099939b17f18600f72f84eed3049e743b68ad15bd69b6bf99",
                "sha256:a981a536974bbc7a512cf44ed14938cf01030a99e9b3a06dd59578882f06f985",
                "sha256:a9a8e9031d613fd2009c182b69c7b2c1ef8239a0efb1df3f7c8da66d5dd3d537",
                "sha256:ae5f4161f18c61806f411a13b0310bea87f987c7d2ecdbdaad0e94eb2e404238",
                "sha256:aed38f6e4fb3f5d6bf81bfa990a07806be9d83cf7bacef998ab1a9bd660a581f",
                "sha256:b01b88d45a6fcb69667cd6d2f7a9aeb4bf53760d7fc536bf679ec94fe9f3ff3d",
                "sha256:b261ccdec7821281dade748d088bb6e9b69e6d15b30652b74cbbac25e280b796",
                "sha256:b2b0a0c0517616b6869869f8c581d4eb2dd83a4d79e0ebcb7d373ef9956aeb0a",
                "sha256:b4a23f61ce87adf89be746c8a8974fe1c823c891d8f86eb218bb957c924bb143",
                "sha256:bd8f7df7d12c2db9fab40bdd87a7c09b1530128315d047a086fa3ae3435cb3a8",
                "sha256:beb58fe5cdb101e3a055192ac291b7a21e3b7ef4f67fa1d74e331a7f2124341c",
                "sha256:c002b4ffc0be611f0d9da932eb0f704fe2602a9a949d1f738e4c34c75b0863d5",
                "sha256:c083af607d2515612056a31f0a8d9e0fcb5876b7bfc0abad3ecd275bc4ebc2d5",
                "sha256:c180f51afb394e165eafe4ac2936a14bee3eb10debc9d9e4db8958fe36afe711",
                "sha256:c235ebd9baae02f1b77bcea61bce332cb4331dc3617d254df3323aa01ab47bd4",
                "sha256:cd70574b12bb8a4d2aaa0094515df2463cb429d8536cfb6c7ce983246983e5a6",
                "sha256:d0eccceffcb53201b5bfebb52600a5fb483a20b61da9dbc885f8b103cbe7598c",
                "sha256:d965bba47ddeec8cd560687584e88cf699fd28f192ceb452d1d7ee807c5597b7",
                "sha256:db364eca23f876da6f9e16c9da0df51aa4f104a972735574842618b8c6d999d4",
                "sha256:ddbb2551d7e0102e7252db79ba445cdab71b26640817ab1e3e3648dad515003b",
                "sha256:deb6be0ac38ece9ba87dea880e438f25ca3eddfac8b002a2ec3d9183a454e8ae",
                "sha256:e06ed3eb3218bc64786f7db41917d4e686cc4856944f53d5bdf83a6884432e12",
                "sha256:e27ad930a842b4c5eb8ac0016b0a54f5aebbe679340c26101df33424142c143c",
                "sha256:e537484df0d8f426ce2afb2d0f8e1c3d0b114b83f8850e5f2fbea0e797bd82ae",
                "sha256:eb00ed941194665c332bf8e078baf037d6c35d7c4f3102ea2d4f16ca94a26dc8",
                "sha256:eb6904c354526e758fda7167b33005998fb68c46fbc10e013ca97f21ca5c8887",
                "sha256:eb8821e09e916165e160797a6c17edda0679379a4be5c716c260e836e122f54b",
                "sha256:efcb3f6676480691518c177e3b465bcddf57cea040302f9f4e6e191af91174d4",
                "sha256:f27273b60488abe721a075bcca6d7f3964f9f6f067c8c4c605743023d7d3944f",
                "sha256:f30c3cb33b24454a82faecaf01b19c18562b1e89558fb6c56de4d9118a032fd5",
                "sha256:fb69256e180cb6c8a894fee62b3afebae785babc1ee98b81cdf68bbca1987f33",
                "sha256:fd1abc0d89e30cc4e02e4064dc67fcc51bd941eb395c502aac3ec19fab46b519",
                "sha256:ff8fa367d09b717b2a17a052544193ad76cd49979c805768879cb63d9ca50561"
            ],
            "markers": "python_full_version >= '3.7.0'",
            "version": "==3.3.2"
        },
        "click": {
            "hashes": [
                "sha256:ae74fb96c20a0277a1d615f1e4d73c8414f5a98db8b799a7931d1582f3390c28",
                "sha256:ca9853ad459e787e2192211578cc907e7594e294c7ccc834310722b41b9ca6de"
            ],
            "markers": "python_version >= '3.7'",
            "version": "==8.1.7"
        },
        "flask": {
            "hashes": [
                "sha256:58107ed83443e86067e41eff4631b058178191a355886f8e479e347fa1285fdf",
                "sha256:edee9b0a7ff26621bd5a8c10ff484ae28737a2410d99b0bb9a6850c7fb977aa0"
            ],
            "index": "pypi",
            "markers": "python_version >= '3.7'",
            "version": "==2.2.5"
        },
        "fuzzywuzzy": {
            "hashes": [
                "sha256:45016e92264780e58972dca1b3d939ac864b78437422beecebb3095f8efd00e8",
                "sha256:928244b28db720d1e0ee7587acf660ea49d7e4c632569cad4f1cd7e68a5f0993"
            ],
            "index": "pypi",
            "version": "==0.18.0"
        },
        "gunicorn": {
            "hashes": [
                "sha256:350679f91b24062c86e386e198a15438d53a7a8207235a78ba1b53df4c4378d9",
                "sha256:4a0b436239ff76fb33f11c07a16482c521a7e09c1ce3cc293c2330afe01bec63"
            ],
            "index": "pypi",
            "markers": "python_version >= '3.7'",
            "version": "==22.0.0"
        },
        "idna": {
            "hashes": [
                "sha256:028ff3aadf0609c1fd278d8ea3089299412a7a8b9bd005dd08b9f8285bcb5cfc",
                "sha256:82fee1fc78add43492d3a1898bfa6d8a904cc97d8427f683ed8e798d07761aa0"
            ],
            "markers": "python_version >= '3.5'",
            "version": "==3.7"
        },
        "importlib-metadata": {
            "hashes": [
                "sha256:1aaf550d4f73e5d6783e7acb77aec43d49da8017410afae93822cc9cca98c4d4",
                "sha256:cb52082e659e97afc5dac71e79de97d8681de3aa07ff18578330904a9d18e5b5"
            ],
            "markers": "python_version < '3.8'",
            "version": "==6.7.0"
        },
        "itsdangerous": {
            "hashes": [
                "sha256:2c2349112351b88699d8d4b6b075022c0808887cb7ad10069318a8b0bc88db44",
                "sha256:5dbbc68b317e5e42f327f9021763545dc3fc3bfe22e6deb96aaf1fc38874156a"
            ],
            "markers": "python_version >= '3.7'",
            "version": "==2.1.2"
        },
        "jinja2": {
            "hashes": [
                "sha256:7d6d50dd97d52cbc355597bd845fabfbac3f551e1f99619e39a35ce8c370b5fa",
                "sha256:ac8bd6544d4bb2c9792bf3a159e80bba8fda7f07e81bc3aed565432d5925ba90"
            ],
            "markers": "python_version >= '3.7'",
            "version": "==3.1.3"
        },
        "levenshtein": {
            "hashes": [
                "sha256:0033a243510e829ead1ae62720389c9f17d422a98c0525da593d239a9ff434e5",
                "sha256:039dc7323fd28de44d6c13a334a34ab1ddee598762cb2dae3223ca1f083577f9",
                "sha256:078bb87ea32a28825900f5d29ba2946dc9cf73094dfed4ba5d70f042f2435609",
                "sha256:0ab52358f54ee48ad7656a773a0c72ef89bb9ba5acc6b380cfffd619fb223a23",
                "sha256:0acaae1c20c8ed37915b0cde14b5c77d5a3ba08e05f9ce4f55e16843de9c7bb8",
                "sha256:0d2f608c5ce7b9a0a0af3c910f43ea7eb060296655aa127b10e4af7be5559303",
                "sha256:0ece1d077d9006cff329bb95eb9704f407933ff4484e5d008a384d268b993439",
                "sha256:10b980dcc865f8fe04723e448fac4e9a32cbd21fb41ab548725a2d30d9a22429",
                "sha256:14c5f90859e512004cc25b50b79c7ae6f068ebe69a7213a9018c83bd88c1305b",
                "sha256:151046d1c70bdf01ede01f46467c11151ceb9c86fefaf400978b990110d0a55e",
                "sha256:1772c4491f6ef6504e591c0dd60e1e418b2015074c3d56ee93af6b1a019906ee",
                "sha256:1a5e3461d29b3188518464bd3121fc64635ff884ae544147b5d326ce13c50d36",
                "sha256:1e13857d870048ff58ce95c8eb32e10285918ee74e1c9bf1825af08dd49b0bc6",
                "sha256:20f79946481052bbbee5284c755aa0a5feb10a344d530e014a50cb9544745dd3",
                "sha256:249eaa351b5355b3e3ca7e3a8e2a0bca7bff4491c89a0b0fa3b9d0614cf3efeb",
                "sha256:26b468455f29fb255b62c22522026985cb3181a02e570c8b37659fedb1bc0170",
                "sha256:2a3801a0463791440b4350b734e4ec0dbc140b675a3ce9ef936feed06b23c58d",
                "sha256:2c32f86bb54b9744c95c27b5398f108158cc6a87c5dbb3ad5a344634bf9b07d3",
                "sha256:2d3229c1336498c2b72842dd4c850dff1040588a5468abe5104444a372c1a573",
                "sha256:2d3f2b8e67915268c49f0faa29a29a8c26811a4b46bd96dd043bc8557428065d",
                "sha256:2f8c8c48217b2733ae5bd8ef14e0ad730a30d113c84dc2cfc441435ef900732b",
                "sha256:34859c5ff7261f25daea810b5439ad80624cbb9021381df2c390c20eb75b79c6",
                "sha256:3497eda857e70863a090673a82442877914c57b5f04673c782642e69caf25c0c",
                "sha256:35ce82403730dd2a3b397abb2535786af06835fcf3dc40dc8ea67ed589bbd010",
                "sha256:3789e4aeaeb830d944e1f502f9aa9024e9cd36b68d6eba6892df7972b884abd7",
                "sha256:3dc62b2f74e4050f0a1261a34e11fd9e7c6d80a45679c0e02ac452b16fda7b34",
                "sha256:48c8388a321e55c1feeef543b49fc969be6a5cf6bcf4dcb5dced82f5fea6793c",
                "sha256:4a88aa3b5f49aeca08080b6c3fa7e1095d939eafb13f42dbe8f1b27ff405fd43",
                "sha256:4be0e5e742f6a299acf7aa8d2e5cfca946bcff224383fd451d894e79499f0a46",
                "sha256:4d3b9c9e2852eca20de6bd8ca7f47d817a056993fd4927a4d50728b62315376b",
                "sha256:4e93dbfdf08360b4261a2385340d26ac491a1bf9bd17bf22a59636705d2d6479",
                "sha256:5106bce4e94bc1ae137b50d1e5f49b726997be879baf66eafc6ee365adec3db5",
                "sha256:549170257f052289df93a13526877cb397d351b0c8a3e4c9ae3936aeafd8ad17",
                "sha256:54a51036b02222912a029a6efa2ce1ee2be49c88e0bb32995e0999feba183913",
                "sha256:58f8b8f5d4348e470e8c0d4e9f7c23a8f7cfc3cbd8024cc5a1fc68cc81f7d6cb",
                "sha256:5a61606bad3afb9fcec0a2a21871319c3f7da933658d2e0e6e55ab4a34814f48",
                "sha256:5abc4ee22340625ec401d6f11136afa387d377b7aa5dad475618ffce1f0d2e2f",
                "sha256:5b048a83b07fc869648460f2af1255e265326d75965157a165dde2d9ba64fa73",
                "sha256:5b9b6a8509415bc214d33f5828d7c700c80292ea25f9d9e8cba95ad5a74b3cdf",
                "sha256:5d32f3b28065e430d54781e1f3b31198b6bfc21e6d565f0c06218e7618884551",
                "sha256:5e17ea59115179c269c6daea52415faaf54c6340d4ad91d9012750845a445a13",
                "sha256:5fb90de8a279ce83797bcafbbfe6d641362c3c96148c17d8c8612dddb02744c5",
                "sha256:60440d583986e344119a15cea9e12099f3a07bdddc1c98ec2dda69e96429fb25",
                "sha256:606ba30bbdf06fc51b0a763760e113dea9085011a2399cf4b1f72316836e4d03",
                "sha256:684118d9e070e00df91bc4bd276e0559df7bb2319659699dafda16b5a0229553",
                "sha256:68ec2ef442621027f290cb5cef80962889d86fff3e405e5d21c7f9634d096bbf",
                "sha256:6b35f752d04c0828fb1877d9bee5d1786b2574ec3b1cba0533008aa1ff203712",
                "sha256:6bb77b3ade7f256ca5882450aaf129be79b11e074505b56c5997af5058a8f834",
                "sha256:727a679d19b18a0b4532abf87f9788070bcd94b78ff07135abe41c716bccbb7d",
                "sha256:73aed4856e672ab12769472cf7aece04b4a6813eb917390d22e58002576136e0",
                "sha256:748fbba6d9c04fc39b956b44ccde8eb14f34e21ab68a0f9965aae3fa5c8fdb5e",
                "sha256:760c964ff0be8dea5f7eda20314cf66238fdd0fec63f1ce9c474736bb2904924",
                "sha256:7664bcf9a12e62c672a926c4579f74689507beaa24378ad7664f0603b0dafd20",
                "sha256:7e992de09832ee11b35910c05c1581e8a9ab8ea9737c2f582c7eb540e2cdde69",
                "sha256:830a74b6a045a13e1b1d28af62af9878aeae8e7386f14888c84084d577b92771",
                "sha256:85220b27a47df4a5106ef13d43b6181d73da77d3f78646ec7251a0c5eb08ac40",
                "sha256:8541f1b7516290f6ccc3faac9aea681183c5d0b1f8078b957ae41dfbd5b93b58",
                "sha256:854a0962d6f5852b891b6b5789467d1e72b69722df1bc0dd85cbf70efeddc83f",
                "sha256:88b47fbabbd9cee8be5d6c26ac4d599dd66146628b9ca23d9f4f209c4e3e143e",
                "sha256:88d8a13cf310cfc893e3734f8e7e42ef20c52780506e9bdb96e76a8b75e3ba20",
                "sha256:89a0829637221ff0fd6ce63dfbe59e22b25eeba914d50e191519b9d9b8ccf3e9",
                "sha256:8b65b0b4e8b88e8326cdbfd3ec119953a0b10b514947f4bd03a4ed0fc58f6471",
                "sha256:8f91d0a5d3696e373cae08c80ec99a4ff041e562e55648ebe582725cba555190",
                "sha256:936320113eadd3d71d9ce371d9027b1c56299001b48ed197a0db4140e1d13bbd",
                "sha256:97d0841a2682a3c302f70537e8316077e56795062c6f629714f5d0771f7a5838",
                "sha256:98412a7bdc49c7fbb493be3c3e7fd2f874eff29ed636b8c0eca325a1e3e74264",
                "sha256:99b487f08c32530ee608e8aab0c4075048262a7f5a6e113bac495b05154ae427",
                "sha256:9a271d50643cf927bfc002d397b4f715abdbc6ca46a5a93d1d66a033eabaa5f3",
                "sha256:9fce199af18d459c8f19747501d1e852d86550162e7ccdc2c193b44e55d9bbfb",
                "sha256:9fdf67c10a5403b1668d1b6ade7744d20790367b10866d27394e64716992c3e4",
                "sha256:a0d567beb47cd403394bf241df8cfc14499279d0f3a6675f89b667249841aab1",
                "sha256:a591c94f7047d105c29630e7606a2b007f96cf98651fb93e9f820272b0361e02",
                "sha256:a6084fc909a218843bb55723fde64a8a58bac7e9086854c37134269b3f946aeb",
                "sha256:a689e6e0514f48a434e7ee44cc1eb29c34b21c51c57accb304eac97fba87bf48",
                "sha256:af1b70cac87c5627cd2227823318fa39c64fbfed686c8c3c2f713f72bc25813b",
                "sha256:b2080ee52aeac03854a0c6e73d4214d5be2120bdd5f16def4394f9fbc5666e04",
                "sha256:b4303024ffea56fd164a68f80f23df9e9158620593b7515c73c885285ec6a558",
                "sha256:b847f716fc314cf83d128fedc2c16ffdff5431a439db412465c4b0ac1762478e",
                "sha256:b8bc81d59205558326ac75c97e236fd72b8bcdf63fcdbfb7387bd63da242b209",
                "sha256:bccaf7f16b9da5edb608705edc3c38401e83ea0ff04c6375f25c6fc15e88f9b3",
                "sha256:c4250f507bb1b7501f7187af8345e200cbc1a58ceb3730bf4e3fdc371fe732c0",
                "sha256:c8a75233798e334fd53305656ffcf0601f60e9ff461af759677006c07c060939",
                "sha256:d36634491e06234672492715bc6ff7be61aeaf44822cb366dbbe9d924f2614cc",
                "sha256:d5739f513cb02039f970054eabeccc62696ed2a1afff6e17f75d5492a3ed8d74",
                "sha256:d6d07539502610ee8d6437a77840feedefa47044ab0f35cd3bc37adfc63753bd",
                "sha256:d8ba18720bafa4a65f07baba8c3228e98a6f8da7455de4ec58ae06de4ecdaea0",
                "sha256:da2063cee1fbecc09e1692e7c4de7624fd4c47a54ee7588b7ea20540f8f8d779",
                "sha256:da64e19e1ec0c1e8a1cd77c4802a0d656f8a6e0ab7a1479d435a9d2575e473f8",
                "sha256:de42400ea86e3e8be3dc7f9b3b9ed51da7fd06dc2f3a426d7effd7fbf35de848",
                "sha256:de7ccc31a471ea5bfafabe804c12a63e18b4511afc1014f23c3cc7be8c70d3bd",
                "sha256:df0704fd6a30a7c27c03655ae6dc77345c1655634fe59654e74bb06a3c7c1357",
                "sha256:e125c92cd0ac3b53c4c80fcf2890d89a1d19ff4979dc804031773bc90223859f",
                "sha256:e729781b6134a6e3b380a2d8eae0843a230fc3716bdc8bba4cde2b0ce260982b",
                "sha256:e7a626637c1d967e3e504ced353f89c2a9f6c8b4b4dbf348fdd3e1daa947a23c",
                "sha256:eb6dfba3264b38a3e95cac8e64f318ad4c27e2232f6c566a69b3b113115c06ef",
                "sha256:ecc8c12e710212c4d959fda3a52377ae6a30fa204822f2e63fd430e018be3d6f",
                "sha256:ef2e3e93ae612ac87c3a28f08e8544b707d67e99f9624e420762a7c275bb13c5",
                "sha256:f0a86394c9440e23a29f48f2bbc460de7b19950f46ec2bea3be8c2090839bb29",
                "sha256:f29cbd0c172a8fc1d51eaacd163bdc11596aded5a90db617e6b778c2258c7006",
                "sha256:f351694f65d4df48ee2578d977d37a0560bd3e8535e85dfe59df6abeed12bd6e",
                "sha256:f35b138bb698b29467627318af9258ec677e021e0816ae0da9b84f9164ed7518",
                "sha256:f91335f056b9a548070cb87b3e6cf017a18b27d34a83f222bdf46a5360615f11",
                "sha256:f956ad16cab9267c0e7d382a37b4baca6bf3bf1637a76fa95fdbf9dd3ea774d7",
                "sha256:fa8b65f483cdd3114d41736e0e9c3841e7ee6ac5861bae3d26e21e19faa229ff",
                "sha256:fb00ecae116e62801613788d8dc3938df26f582efce5a3d3320e9692575e7c4d",
                "sha256:fddda71ae372cd835ffd64990f0d0b160409e881bf8722b6c5dc15dc4239d7db",
                "sha256:fe2810c42cc5bca15eeb4a2eb192b1f74ceef6005876b1a166ecbde1defbd22d",
                "sha256:fe5c3b7d96a838d9d86bb4ec57495749965e598a3ea2c5b877a61aa09478bab7"
            ],
            "markers": "python_version >= '3.7'",
            "version": "==0.23.0"
        },
        "markupsafe": {
            "hashes": [
                "sha256:00e046b6dd71aa03a41079792f8473dc494d564611a8f89bbbd7cb93295ebdcf",
                "sha256:075202fa5b72c86ad32dc7d0b56024ebdbcf2048c0ba09f1cde31bfdd57bcfff",
                "sha256:0e397ac966fdf721b2c528cf028494e86172b4feba51d65f81ffd65c63798f3f",
                "sha256:17b950fccb810b3293638215058e432159d2b71005c74371d784862b7e4683f3",
                "sha256:1f3fbcb7ef1f16e48246f704ab79d79da8a46891e2da03f8783a5b6fa41a9532",
                "sha256:2174c595a0d73a3080ca3257b40096db99799265e1c27cc5a610743acd86d62f",
                "sha256:2b7c57a4dfc4f16f7142221afe5ba4e093e09e728ca65c51f5620c9aaeb9a617",
                "sha256:2d2d793e36e230fd32babe143b04cec8a8b3eb8a3122d2aceb4a371e6b09b8df",
                "sha256:30b600cf0a7ac9234b2638fbc0fb6158ba5bdcdf46aeb631ead21248b9affbc4",
                "sha256:397081c1a0bfb5124355710fe79478cdbeb39626492b15d399526ae53422b906",
                "sha256:3a57fdd7ce31c7ff06cdfbf31dafa96cc533c21e443d57f5b1ecc6cdc668ec7f",
                "sha256:3c6b973f22eb18a789b1460b4b91bf04ae3f0c4234a0a6aa6b0a92f6f7b951d4",
                "sha256:3e53af139f8579a6d5f7b76549125f0d94d7e630761a2111bc431fd820e163b8",
                "sha256:4096e9de5c6fdf43fb4f04c26fb114f61ef0bf2e5604b6ee3019d51b69e8c371",
                "sha256:4275d846e41ecefa46e2015117a9f491e57a71ddd59bbead77e904dc02b1bed2",
                "sha256:4c31f53cdae6ecfa91a77820e8b151dba54ab528ba65dfd235c80b086d68a465",
                "sha256:4f11aa001c540f62c6166c7726f71f7573b52c68c31f014c25cc7901deea0b52",
                "sha256:5049256f536511ee3f7e1b3f87d1d1209d327e818e6ae1365e8653d7e3abb6a6",
                "sha256:58c98fee265677f63a4385256a6d7683ab1832f3ddd1e66fe948d5880c21a169",
                "sha256:598e3276b64aff0e7b3451b72e94fa3c238d452e7ddcd893c3ab324717456bad",
                "sha256:5b7b716f97b52c5a14bffdf688f971b2d5ef4029127f1ad7a513973cfd818df2",
                "sha256:5dedb4db619ba5a2787a94d877bc8ffc0566f92a01c0ef214865e54ecc9ee5e0",
                "sha256:619bc166c4f2de5caa5a633b8b7326fbe98e0ccbfacabd87268a2b15ff73a029",
                "sha256:629ddd2ca402ae6dbedfceeba9c46d5f7b2a61d9749597d4307f943ef198fc1f",
                "sha256:656f7526c69fac7f600bd1f400991cc282b417d17539a1b228617081106feb4a",
                "sha256:6ec585f69cec0aa07d945b20805be741395e28ac1627333b1c5b0105962ffced",
                "sha256:72b6be590cc35924b02c78ef34b467da4ba07e4e0f0454a2c5907f473fc50ce5",
                "sha256:7502934a33b54030eaf1194c21c692a534196063db72176b0c4028e140f8f32c",
                "sha256:7a68b554d356a91cce1236aa7682dc01df0edba8d043fd1ce607c49dd3c1edcf",
                "sha256:7b2e5a267c855eea6b4283940daa6e88a285f5f2a67f2220203786dfa59b37e9",
                "sha256:823b65d8706e32ad2df51ed89496147a42a2a6e01c13cfb6ffb8b1e92bc910bb",
                "sha256:8590b4ae07a35970728874632fed7bd57b26b0102df2d2b233b6d9d82f6c62ad",
                "sha256:8dd717634f5a044f860435c1d8c16a270ddf0ef8588d4887037c5028b859b0c3",
                "sha256:8dec4936e9c3100156f8a2dc89c4b88d5c435175ff03413b443469c7c8c5f4d1",
                "sha256:97cafb1f3cbcd3fd2b6fbfb99ae11cdb14deea0736fc2b0952ee177f2b813a46",
                "sha256:a17a92de5231666cfbe003f0e4b9b3a7ae3afb1ec2845aadc2bacc93ff85febc",
                "sha256:a549b9c31bec33820e885335b451286e2969a2d9e24879f83fe904a5ce59d70a",
                "sha256:ac07bad82163452a6884fe8fa0963fb98c2346ba78d779ec06bd7a6262132aee",
                "sha256:ae2ad8ae6ebee9d2d94b17fb62763125f3f374c25618198f40cbb8b525411900",
                "sha256:b91c037585eba9095565a3556f611e3cbfaa42ca1e865f7b8015fe5c7336d5a5",
                "sha256:bc1667f8b83f48511b94671e0e441401371dfd0f0a795c7daa4a3cd1dde55bea",
                "sha256:bec0a414d016ac1a18862a519e54b2fd0fc8bbfd6890376898a6c0891dd82e9f",
                "sha256:bf50cd79a75d181c9181df03572cdce0fbb75cc353bc350712073108cba98de5",
                "sha256:bff1b4290a66b490a2f4719358c0cdcd9bafb6b8f061e45c7a2460866bf50c2e",
                "sha256:c061bb86a71b42465156a3ee7bd58c8c2ceacdbeb95d05a99893e08b8467359a",
                "sha256:c8b29db45f8fe46ad280a7294f5c3ec36dbac9491f2d1c17345be8e69cc5928f",
                "sha256:ce409136744f6521e39fd8e2a24c53fa18ad67aa5bc7c2cf83645cce5b5c4e50",
                "sha256:d050b3361367a06d752db6ead6e7edeb0009be66bc3bae0ee9d97fb326badc2a",
                "sha256:d283d37a890ba4c1ae73ffadf8046435c76e7bc2247bbb63c00bd1a709c6544b",
                "sha256:d9fad5155d72433c921b782e58892377c44bd6252b5af2f67f16b194987338a4",
                "sha256:daa4ee5a243f0f20d528d939d06670a298dd39b1ad5f8a72a4275124a7819eff",
                "sha256:db0b55e0f3cc0be60c1f19efdde9a637c32740486004f20d1cff53c3c0ece4d2",
                "sha256:e61659ba32cf2cf1481e575d0462554625196a1f2fc06a1c777d3f48e8865d46",
                "sha256:ea3d8a3d18833cf4304cd2fc9cbb1efe188ca9b5efef2bdac7adc20594a0e46b",
                "sha256:ec6a563cff360b50eed26f13adc43e61bc0c04d94b8be985e6fb24b81f6dcfdf",
                "sha256:f5dfb42c4604dddc8e4305050aa6deb084540643ed5804d7455b5df8fe16f5e5",
                "sha256:fa173ec60341d6bb97a89f5ea19c85c5643c1e7dedebc22f5181eb73573142c5",
                "sha256:fa9db3f79de01457b03d4f01b34cf91bc0048eb2c3846ff26f66687c2f6d16ab",
                "sha256:fce659a462a1be54d2ffcacea5e3ba2d74daa74f30f5f143fe0c58636e355fdd",
                "sha256:ffee1f21e5ef0d712f9033568f8344d5da8cc2869dbd08d87c84656e6a2d2f68"
            ],
            "markers": "python_version >= '3.7'",
            "version": "==2.1.5"
        },
        "packaging": {
            "hashes": [
                "sha256:2ddfb553fdf02fb784c234c7ba6ccc288296ceabec964ad2eae3777778130bc5",
                "sha256:eb82c5e3e56209074766e6885bb04b8c38a0c015d0a30036ebe7ece34c9989e9"
            ],
            "markers": "python_version >= '3.7'",
            "version": "==24.0"
        },
        "pycryptodome": {
            "hashes": [
                "sha256:06d6de87c19f967f03b4cf9b34e538ef46e99a337e9a61a77dbe44b2cbcf0690",
                "sha256:09609209ed7de61c2b560cc5c8c4fbf892f8b15b1faf7e4cbffac97db1fffda7",
                "sha256:210ba1b647837bfc42dd5a813cdecb5b86193ae11a3f5d972b9a0ae2c7e9e4b4",
                "sha256:2a1250b7ea809f752b68e3e6f3fd946b5939a52eaeea18c73bdab53e9ba3c2dd",
                "sha256:2ab6ab0cb755154ad14e507d1df72de9897e99fd2d4922851a276ccc14f4f1a5",
                "sha256:3427d9e5310af6680678f4cce149f54e0bb4af60101c7f2c16fdf878b39ccccc",
                "sha256:3cd3ef3aee1079ae44afaeee13393cf68b1058f70576b11439483e34f93cf818",
                "sha256:405002eafad114a2f9a930f5db65feef7b53c4784495dd8758069b89baf68eab",
                "sha256:417a276aaa9cb3be91f9014e9d18d10e840a7a9b9a9be64a42f553c5b50b4d1d",
                "sha256:4401564ebf37dfde45d096974c7a159b52eeabd9969135f0426907db367a652a",
                "sha256:49a4c4dc60b78ec41d2afa392491d788c2e06edf48580fbfb0dd0f828af49d25",
                "sha256:5601c934c498cd267640b57569e73793cb9a83506f7c73a8ec57a516f5b0b091",
                "sha256:6e0e4a987d38cfc2e71b4a1b591bae4891eeabe5fa0f56154f576e26287bfdea",
                "sha256:76658f0d942051d12a9bd08ca1b6b34fd762a8ee4240984f7c06ddfb55eaf15a",
                "sha256:76cb39afede7055127e35a444c1c041d2e8d2f1f9c121ecef573757ba4cd2c3c",
                "sha256:8d6b98d0d83d21fb757a182d52940d028564efe8147baa9ce0f38d057104ae72",
                "sha256:9b3ae153c89a480a0ec402e23db8d8d84a3833b65fa4b15b81b83be9d637aab9",
                "sha256:a60fedd2b37b4cb11ccb5d0399efe26db9e0dd149016c1cc6c8161974ceac2d6",
                "sha256:ac1c7c0624a862f2e53438a15c9259d1655325fc2ec4392e66dc46cdae24d044",
                "sha256:acae12b9ede49f38eb0ef76fdec2df2e94aad85ae46ec85be3648a57f0a7db04",
                "sha256:acc2614e2e5346a4a4eab6e199203034924313626f9620b7b4b38e9ad74b7e0c",
                "sha256:acf6e43fa75aca2d33e93409f2dafe386fe051818ee79ee8a3e21de9caa2ac9e",
                "sha256:baee115a9ba6c5d2709a1e88ffe62b73ecc044852a925dcb67713a288c4ec70f",
                "sha256:c18b381553638414b38705f07d1ef0a7cf301bc78a5f9bc17a957eb19446834b",
                "sha256:d29daa681517f4bc318cd8a23af87e1f2a7bad2fe361e8aa29c77d652a065de4",
                "sha256:d5954acfe9e00bc83ed9f5cb082ed22c592fbbef86dc48b907238be64ead5c33",
                "sha256:ec0bb1188c1d13426039af8ffcb4dbe3aad1d7680c35a62d8eaf2a529b5d3d4f",
                "sha256:ec1f93feb3bb93380ab0ebf8b859e8e5678c0f010d2d78367cf6bc30bfeb148e",
                "sha256:f0e6d631bae3f231d3634f91ae4da7a960f7ff87f2865b2d2b831af1dfb04e9a",
                "sha256:f35d6cee81fa145333137009d9c8ba90951d7d77b67c79cbe5f03c7eb74d8fe2",
                "sha256:f47888542a0633baff535a04726948e876bf1ed880fddb7c10a736fa99146ab3",
                "sha256:fb3b87461fa35afa19c971b0a2b7456a7b1db7b4eba9a8424666104925b78128"
            ],
            "markers": "python_version >= '2.7' and python_version not in '3.0, 3.1, 3.2, 3.3, 3.4'",
            "version": "==3.20.0"
        },
        "python-dateutil": {
            "hashes": [
                "sha256:37dd54208da7e1cd875388217d5e00ebd4179249f90fb72437e91a35459a0ad3",
                "sha256:a8b2bc7bffae282281c8140a97d3aa9c14da0b136dfe83f850eea9a5f7470427"
            ],
            "markers": "python_version >= '2.7' and python_version not in '3.0, 3.1, 3.2, 3.3'",
            "version": "==2.9.0.post0"
        },
        "python-levenshtein": {
            "hashes": [
                "sha256:156a0198cdcc659c90c8d3863d0ed3f4f0cf020608da71da52ac0f0746ef901a",
                "sha256:486a47b189e3955463107aa36b57fb1e2b3b40243b9cc2994cde9810c78195c0"
            ],
            "index": "pypi",
            "markers": "python_version >= '3.7'",
            "version": "==0.23.0"
        },
        "rapidfuzz": {
            "hashes": [
                "sha256:01013ee67fb15608c8c5961af3bc2b1f242cff94c19f53237c9b3f0edb8e0a2d",
                "sha256:01d64710060bc3241c08ac1f1a9012c7184f3f4c3d6e2eebb16c6093a03f6a67",
                "sha256:02afbe7ed12e9191082ed7bda43398baced1d9d805302b7b010d397de3ae973f",
                "sha256:0b9197656a6d71483959bf7d216e7fb7a6b80ca507433bcb3015fb92abc266f8",
                "sha256:0d8c6cb80b5d2edf88bf6a88ac6827a353c974405c2d7e3025ed9527a5dbe1a6",
                "sha256:0df66e07e42e2831fae84dea481f7803bec7cfa53c31d770e86ac47bb18dcd57",
                "sha256:124578029d926b2be32d60b748be95ee0de6cb2753eb49d6d1d6146269b428b9",
                "sha256:1276c7f50cd90a48b00084feb25256135c9ace6c599295dd5932949ec30c0e70",
                "sha256:1438e68fe8869fe6819a313140e98641b34bfc89234b82486d8fd02044a067e8",
                "sha256:1a733c10b1fcc47f837c23ab4a255cc4021a88939ff81baa64d6738231cba33d",
                "sha256:1bafbd3e2e9e0b5f740f66155cc7e1e23eee1e1f2c44eff12daf14f90af0e8ab",
                "sha256:1ebee7313719dfe652debb74bdd4024e8cf381a59adc6d065520ff927f3445f4",
                "sha256:233bf022938c38060a93863ec548e624d69a56d7384634d8bea435b915b88e52",
                "sha256:23b07685c21c93cdf6d68b49eccacfe975651b8d99ea8a02687400c60315e5bc",
                "sha256:2543fd8d0fb3b1ac065bf94ee54c0ea33343c62481d8e54b6117a88c92c9b721",
                "sha256:273c7c7f5b405f2f54d41e805883572d57e1f0a56861f93ca5a6733672088acb",
                "sha256:28d03cd33817f6e0bea9b618b460f85ff9c9c3fedc6c19cfa0992f719a0d1801",
                "sha256:2e49151572b842d290dcee2cc6f9ce7a7b40b77cc20d0f6d6b54e7afb7bafa5c",
                "sha256:3456f4df5b8800315fd161045c996479016c112228e4da370d09ed80c24853e5",
                "sha256:37d5f0fbad6c092c89840eea2c4c845564d40849785de74c5e6ff48b47b0ecf6",
                "sha256:3af0384132e79fe6f6370d49347649382e04f689277525903bef84d30f3992fd",
                "sha256:3db79070888d0dcd4f6a20fd30b8184dd975d6b0f7818acff5d7e07eba19b71f",
                "sha256:437508ec1ea6e71a77126715ac6208cb9c3e74272536ebfa79be9dd008cfb85f",
                "sha256:46efc5e4675e2bd5118427513f86eaf3689e1482ebd309ad4532bcefae78179d",
                "sha256:4fd94acab871afbc845400814134a83512a711e824dc2c9a9776d6123464a221",
                "sha256:50ad7bac98a0f00492687eddda73d2c0bdf71c78b52fddaa5901634ae323d3ce",
                "sha256:51d47d52c890cbdb2d8b2085d747e557f15efd9c990cb6ae624c8f6948c4aa3a",
                "sha256:52c6b7a178f0e800488fa1aede17b00f6397cab0b79d48531504b0d89e45315f",
                "sha256:53bbef345644eac1c2d7cc21ade4fe9554fa289f60eb2c576f7fdc454dbc0641",
                "sha256:55efb3231bb954f3597313ebdf104289b8d139d5429ad517051855f84e12b94e",
                "sha256:59f851c7a54a9652b9598553547e0940244bfce7c9b672bac728efa0b9028d03",
                "sha256:5b9a7ab061c1b75b274fc2ebd1d29cfa2e510c36e2f4cd9518a6d56d589003c8",
                "sha256:5fe3ef7daecd79f852936528e37528fd88818bc000991e0fea23b9ac5b79e875",
                "sha256:61f16bb0f3026853500e7968261831a2e1a35d56947752bb6cf6953afd70b9de",
                "sha256:6286510910fcd649471a7f5b77fcc971e673729e7c84216dbf321bead580d5a1",
                "sha256:63933792146f3d333680d415cecc237e6275b42ad948d0a798f9a81325517666",
                "sha256:66ff93b81b382269dc7c2d46c839ce72e2d2331ad46a06321770bc94016fe236",
                "sha256:698488002eb7be2f737e48679ed0cd310b76291f26d8ec792db8345d13eb6573",
                "sha256:6b8258846e56b03230fa733d29bb4f9fb1f4790ac97d1ebe9faa3ff9d2850999",
                "sha256:6d38596c804a9f2bd49360c15e1f4afbf016f181fe37fc4f1a4ddd247d3e91e5",
                "sha256:6f5c8b901b6d3be63591c68e2612f76ad85af27193d0a88d4d87bb047aeafcb3",
                "sha256:712dd91d429afaddbf7e86662155f2ad9bc8135fca5803a01035a3c1d76c5977",
                "sha256:734046d557550589edb83d5ad1468a1341d1092f1c64f26fd0b1fc50f9efdce1",
                "sha256:74b9a1c1fc139d325fb0b89ccc85527d27096a76f6ed690ee3378143cc38e91d",
                "sha256:75d1365387ec8ef2128fd7e2f7436aa1a04a1953bc6d7068835bb769cd07c146",
                "sha256:76f4162ce5fe08609455d318936ed4aa709f40784be61fb4e200a378137b0230",
                "sha256:7f497f850d46c5e08f3340343842a28ede5d3997e5d1cadbd265793cf47417e5",
                "sha256:805dc2aa3ac295dcbf2df8c1e420e8a73b1f632d6820a5a1c8506d22c11e0f27",
                "sha256:83387fb81c4c0234b199110655779762dd5982cdf9de4f7c321110713193133e",
                "sha256:87409e12f9a82aa33a5b845c49dd8d5d4264f2f171f0a69ddc638e100fcc50de",
                "sha256:8756461e7ee79723b8f762fc6db226e65eb453bf9fa64b14fc0274d4aaaf9e21",
                "sha256:8b38d7677b2f20b137bb7aaf0dcd3d8ac2a2cde65f09f5621bf3f57d9a1e5d6e",
                "sha256:8eb33895353bfcc33ccf4b4bae837c0afb4eaf20a0361aa6f0800cef12505e91",
                "sha256:8f5d2adc48c181486125d42230e80479a1e0568942e883d1ebdeb76cd3f83470",
                "sha256:929e6b71e5b36caee2ee11c209e75a0fcbd716a1b76ae6162b89ee9b591b63b1",
                "sha256:93ceb62ade1a0e62696487274002157a58bb751fc82cd25016fc5523ba558ca5",
                "sha256:950d1dfd2927cd45c9bb2927933926718f0a17792841e651d42f4d1cb04a5c1d",
                "sha256:9814905414696080d8448d6e6df788a0148954ab34d7cd8d75bcb85ba30e0b25",
                "sha256:9e1142c8d35fa6f3af8150d02ff8edcbea3723c851d889e8b2172e0d1b99f3f7",
                "sha256:9f295842c282fe7fe93bfe7a20e78f33f43418f47fb601f2f0a05df8a8282b43",
                "sha256:a0750278693525b5ce58d3b313e432dfa5d90f00d06ae54fa8cde87f2a397eb0",
                "sha256:a716efcfc92659d8695291f07da4fa60f42a131dc4ceab583931452dd5662e92",
                "sha256:a7215f7c5de912b364d5cf7c4c66915ccf4acf71aafbb8da62ad346569196e15",
                "sha256:a74112e2126b428c77db5e96f7ce34e91e750552147305b2d361122cbede2955",
                "sha256:a7d6a9f04ea1277add8943d4e144e59215009f54f2668124ff26dee18a875343",
                "sha256:a80f9aa4245a49e0677896d1b51b2b3bc36472aff7cec31c4a96f789135f03fe",
                "sha256:ab981f9091ae8bd32bca9289fa1019b4ec656543489e7e13e64882d57d989282",
                "sha256:b05c7d4b4ddb617e977d648689013e50e5688140ee03538d3760a3a11d4fa8a2",
                "sha256:b38c7021f6114cfacba5717192fb3e1e50053261d49a774e645021a2f77e20a3",
                "sha256:b6fe2aff0d9b35191701714e05afe08f79eaea376a3a6ca802b72d9e5b48b545",
                "sha256:b81b8bc29114ca861fed23da548a837832b85495b0c1b2600e6060e3cf4d50aa",
                "sha256:bbb05b1203f683b341f44ebe8fe38afed6e56f606094f9840d6406e4a7bf0eab",
                "sha256:bd10d68baabb63a3bb36b683f98fc481fcc62230e493e4b31e316bd5b299ef68",
                "sha256:bd50bc90167601963e2a90b820fb862d239ecb096a991bf3ce33ffaa1d6eedee",
                "sha256:bf58ba21df06fc8aeef3056fd137eca0a593c2f5c82923a4524d251dc5f3df5d",
                "sha256:bfe14711b9a7b744e242a482c6cabb696517a1a9946fc1e88d353cd3eb384788",
                "sha256:c006aa481d1b91c2600920ce16e42d208a4b6f318d393aef4dd2172d568f2641",
                "sha256:c0150d521199277b5ad8bd3b060a5f3c1dbdf11df0533b4d79f458ef11d07e8c",
                "sha256:c2a564f748497b6a5e08a1dc0ac06655f65377cf072c4f0e2c73818acc655d36",
                "sha256:c56073ba1d1b25585359ad9769163cb2f3183e7a03c03b914a0667fcbd95dc5c",
                "sha256:c67f5ced39aff6277dd772b239ef8aa8fc810200a3b42f69ddbb085ea0e18232",
                "sha256:c7f4f6dac25c120de8845a65a97090658c8a976827ac22b6b86e2a16a60bb820",
                "sha256:c92d847c997c384670e3b4cf6727cb73a4d7a7ba6457310e2083cf06d56013c4",
                "sha256:cc3efc06db79e818f4a6783a4e001b3c8b2c61bd05c0d5c4d333adaf64ed1b34",
                "sha256:cfdc74afd93ac71270b5be5c25cb864b733b9ae32b07495705a6ac294ac4c390",
                "sha256:d0bda173b0ec1fa546f123088c0d42c9096304771b4c0555d4e08a66a246b3f6",
                "sha256:d15c364c5aa8f032dadf5b82fa02b7a4bd9688a961a27961cd5b985203f58037",
                "sha256:d188e8fb5a9709931c6a48cc62c4ac9b9d163969333711e426d9dbd134c1489b",
                "sha256:d1d81d380ceabc8297880525c9d8b9e93fead38d3d2254e558c36c18aaf2553f",
                "sha256:d3198f70b97127e52a4f96bb2f7de447f89baa338ff398eb126930c8e3137ad1",
                "sha256:d904ac97f2e370f91e8170802669c8ad68641bf84d742968416b53c5960410c6",
                "sha256:da2764604a31fd1e3f1cacf226b43a871cc9f28844a3196c2a6b1ba52ae12922",
                "sha256:dd54dd0355225dc3c1d55e233d510adcccee9bb25d656b4cf1136114b92e7bf3",
                "sha256:e14799297f194a4480f373e45142ef16d5dc68a42084c0e2018e0bdba56a8fef",
                "sha256:e182ea5c809e7ed36ebfbcef4bb1808e213d27b33c036007a33bcbb7ba498356",
                "sha256:e77873126eb07e7461f0b675263e6c5d42c8a952e88e4a44eeff96f237b2b024",
                "sha256:ed0d5761b44d9dd87278d5c32903bb55632346e4d84ea67ba2e4a84afc3b7d45",
                "sha256:ed3da08830c08c8bcd49414cc06b704a760d3067804775facc0df725b52085a4",
                "sha256:ef30b5f2720f0acbcfba0e0661a4cc118621c47cf69b5fe92531dfed1e369e1c",
                "sha256:f0075ff8990437923da42202b60cf04b5c122ee2856f0cf2344fb890cadecf57",
                "sha256:f1e91460baa42f5408f3c062913456a24b2fc1a181959b58a9c06b5eef700ca6",
                "sha256:f3effbe9c677658b3149da0d2778a740a6b7d8190c1407fd0c0770a4e223cfe0",
                "sha256:f5921780e7995e9ac3cea41fa57b623159d7295788618d3f2946d61328c25c25",
                "sha256:f71454249ddd29d8ba5415ed7307e7b7493fc7e9018f1ff496127b8b9a8df94b",
                "sha256:f723197f2dbce508a7030dcf6d3fc940117aa54fc876021bf6f6feeaf3825ba1",
                "sha256:f7f5ea97886d2ec7b2b9a8172812a76e1d243f2ce705c2f24baf46f9ef5d3951",
                "sha256:f813fb663d90038c1171d30ea1b6b275e09fced32f1d12b972c6045d9d4233f2",
                "sha256:fc4b1b69a64d337c40fa07a721dae1b1550d90f17973fb348055f6440d597e26"
            ],
            "markers": "python_version >= '3.7'",
            "version": "==3.4.0"
        },
        "requests": {
            "hashes": [
                "sha256:58cd2187c01e70e6e26505bca751777aa9f2ee0b7f4300988b709f44e013003f",
                "sha256:942c5a758f98d790eaed1a29cb6eefc7ffb0d1cf7af05c3d2791656dbd6ad1e1"
            ],
            "markers": "python_version >= '3.7'",
            "version": "==2.31.0"
        },
        "six": {
            "hashes": [
                "sha256:1e61c37477a1626458e36f7b1d82aa5c9b094fa4802892072e49de9c60c4c926",
                "sha256:8abb2f1d86890a2dfb989f9a77cfcfd3e47c2a354b01111771326f8aa26e0254"
            ],
            "markers": "python_version >= '2.7' and python_version not in '3.0, 3.1, 3.2, 3.3'",
            "version": "==1.16.0"
        },
        "typing-extensions": {
            "hashes": [
                "sha256:440d5dd3af93b060174bf433bccd69b0babc3b15b1a8dca43789fd7f61514b36",
                "sha256:b75ddc264f0ba5615db7ba217daeb99701ad295353c45f9e95963337ceeeffb2"
            ],
            "markers": "python_version < '3.8'",
            "version": "==4.7.1"
        },
        "urllib3": {
            "hashes": [
                "sha256:c97dfde1f7bd43a71c8d2a58e369e9b2bf692d1334ea9f9cae55add7d0dd0f84",
                "sha256:fdb6d215c776278489906c2f8916e6e7d4f5a9b602ccbcfdf7f016fc8da0596e"
            ],
            "markers": "python_version >= '3.7'",
            "version": "==2.0.7"
        },
        "werkzeug": {
            "hashes": [
                "sha256:2e1ccc9417d4da358b9de6f174e3ac094391ea1d4fbef2d667865d819dfd0afe",
                "sha256:56433961bc1f12533306c624f3be5e744389ac61d722175d543e1751285da612"
            ],
            "markers": "python_version >= '3.7'",
            "version": "==2.2.3"
        },
        "zipp": {
            "hashes": [
                "sha256:112929ad649da941c23de50f356a2b5570c954b65150642bccdd66bf194d224b",
                "sha256:48904fc76a60e542af151aded95726c1a5c34ed43ab4134b597665c86d7ad556"
            ],
            "markers": "python_version >= '3.7'",
            "version": "==3.15.0"
        }
    },
    "develop": {}
}
